{
    "_meta": {
        "hash": {
            "sha256": "ec5f66a8046c152e0484797e0e3a1d3303e3f46e1db32ee2989ed5e97a45a338"
        },
        "pipfile-spec": 6,
        "requires": {
            "python_version": "3.10"
        },
        "sources": [
            {
                "name": "pypi",
                "url": "https://pypi.org/simple",
                "verify_ssl": true
            }
        ]
    },
    "default": {
        "attrs": {
            "hashes": [
                "sha256:29adc2665447e5191d0e7c568fde78b21f9672d344281d0c6e1ab085429b22b6",
                "sha256:86efa402f67bf2df34f51a335487cf46b1ec130d02b8d39fd248abfd30da551c"
            ],
            "markers": "python_version >= '3.5'",
            "version": "==22.1.0"
        },
        "aws-cdk.assets": {
            "hashes": [
                "sha256:5451e9e09ca05324200c8061886b84c727d49d7a95b7989e5a1b779a64554727",
                "sha256:c88f8c372698e27e766a3514babc51a42ed71c103b2fb46745551891a46b666b"
            ],
            "markers": "python_version ~= '3.7'",
            "version": "==1.180.0"
        },
        "aws-cdk.aws-acmpca": {
            "hashes": [
                "sha256:473a281e9a4baa254e169f2898998ec0fef44a7701a8aed3ed58e233b35e35ce",
                "sha256:77215f3d23ed3ed807cd52bcdc9f05e5a5ceed525ad11ce54808266970a47898"
            ],
            "markers": "python_version ~= '3.7'",
            "version": "==1.180.0"
        },
        "aws-cdk.aws-apigateway": {
            "hashes": [
                "sha256:106af3387763a3cb440584c540d13a39b9c34be39abcfad0a7037bdfcd8f4bd4",
                "sha256:5d467cf472fea3dba014c3fffe20c92737664ba8735d08e3543b2f45b9b444ba"
            ],
            "markers": "python_version ~= '3.7'",
            "version": "==1.180.0"
        },
        "aws-cdk.aws-applicationautoscaling": {
            "hashes": [
                "sha256:5f1120c3cce64f9ee64c6226c1d3961b3dbedcd090f156eb39e3634474b193b8",
                "sha256:a33062c4ae6e6b308b9fc3713bdcf6be5050b14d2513b846ace4f4323bb0c6f0"
            ],
            "markers": "python_version ~= '3.7'",
            "version": "==1.180.0"
        },
        "aws-cdk.aws-autoscaling": {
            "hashes": [
                "sha256:018cd5440f8be5d8f307dd78c3f4b237f781020a271bc6ddc265867e401f8d0a",
                "sha256:fe4ef7dd12385882e1b9ad777ad9d4c47ffaf9d146c96450b85f04b3e03737f0"
            ],
            "markers": "python_version ~= '3.7'",
            "version": "==1.180.0"
        },
        "aws-cdk.aws-autoscaling-common": {
            "hashes": [
                "sha256:34785036869f9855fdf5dc746aeb975a1e73120120f785c98f8259a6f289d446",
                "sha256:9a67f55033ffaf2b129d3f94729cca7829c6a87d88e833417972be756ba5bd91"
            ],
            "markers": "python_version ~= '3.7'",
            "version": "==1.180.0"
        },
        "aws-cdk.aws-autoscaling-hooktargets": {
            "hashes": [
                "sha256:15d3d91f6c2e1a7710ca666716de616f19d38374a1ad4ae30228a70f970ad666",
                "sha256:799c2f2ba57b3d4943142d6bac772e6e7c968c9c7db1443cf5d5c2e049316730"
            ],
            "markers": "python_version ~= '3.7'",
            "version": "==1.180.0"
        },
        "aws-cdk.aws-certificatemanager": {
            "hashes": [
                "sha256:4a4a105705ef4f9c71210713de1488da549f32dd67c8ff5186675409bc2d7407",
                "sha256:5f1334bd81c98eb6b2187e7072d4c7615aa239e51a58f4a3ede3244cc40d0657"
            ],
            "markers": "python_version ~= '3.7'",
            "version": "==1.180.0"
        },
        "aws-cdk.aws-cloudformation": {
            "hashes": [
                "sha256:202b6c1bb8888657402d2356bad65bb8d97f814cff31fabee1e349190cb88279",
                "sha256:5572047cefcd68c23012ac8e8adb3047e41f2e3f7a2b1feca018922dd6d64bfe"
            ],
            "markers": "python_version ~= '3.7'",
            "version": "==1.180.0"
        },
        "aws-cdk.aws-cloudfront": {
            "hashes": [
                "sha256:0beefbd0df80fd85f0ae72140a2f55be0797a324d4c007308c82906fc5a72da4",
                "sha256:27292ed7b1bc8c1bd29ed4d5be645ef28c1bde650125a2f271e4eb4155438a42"
            ],
            "markers": "python_version ~= '3.7'",
            "version": "==1.180.0"
        },
        "aws-cdk.aws-cloudwatch": {
            "hashes": [
                "sha256:7897fc591fa1aff5c6cdd0f6641a91f6280f4d03cf2e48f47d7d7a59e001b8af",
                "sha256:f2ab1c025ef8d8b48f7a3f7e7f1a96e0db98e7301bc069d2a1804bbc8ea7ca7b"
            ],
            "markers": "python_version ~= '3.7'",
            "version": "==1.180.0"
        },
        "aws-cdk.aws-codebuild": {
            "hashes": [
                "sha256:1c62e2ae0d76bf4cbe5c12418c1a6f253e4a3bc46d579d5beb526344a0c3a1f2",
                "sha256:6b361452fcfcae40f9729884c947910de6087f6e3ffe933c53dab2687f8b3e8d"
            ],
            "markers": "python_version ~= '3.7'",
            "version": "==1.180.0"
        },
        "aws-cdk.aws-codecommit": {
            "hashes": [
                "sha256:9d21f46101cd9e52b678f32182326cc9c4dfabe1fb1c3f8d4e75fade62c19d83",
                "sha256:bad68c6117f8d28396b4bc7fea18decdbd1ad78415d2417d27faf50142a25d30"
            ],
            "markers": "python_version ~= '3.7'",
            "version": "==1.180.0"
        },
        "aws-cdk.aws-codeguruprofiler": {
            "hashes": [
                "sha256:3b6d85616c3cd1f03b63ed43a0802ce27ec65dfa79202399913c49767c1b3d26",
                "sha256:6f531718598265114eab89076b510bc77fa72edf1c29f6249f0ce969b0d282ec"
            ],
            "markers": "python_version ~= '3.7'",
            "version": "==1.180.0"
        },
        "aws-cdk.aws-codepipeline": {
            "hashes": [
                "sha256:061408bdccf6d8316b1caf197ee9127a3e9eeaf4fdec5dd9362cf9aaa4a7fa77",
                "sha256:fe24c06820127507548c17ede8841371c5b3c96933933ac2e225dc040dcd4833"
            ],
            "markers": "python_version ~= '3.7'",
            "version": "==1.180.0"
        },
        "aws-cdk.aws-codestarnotifications": {
            "hashes": [
                "sha256:c27b1b394aa97f360673b778ab2d14cd06e7088c95209d32bf5ebbc30c128231",
                "sha256:d560868091794346a8631734a61d4378b2cc494fc74ee8c1e0cfe2d051cd6a0d"
            ],
            "markers": "python_version ~= '3.7'",
            "version": "==1.180.0"
        },
        "aws-cdk.aws-cognito": {
            "hashes": [
                "sha256:9580f4d970710c19e593767f35e185c7c5180f6f82f0635e2271a49b459f8609",
                "sha256:cbc52dac2fdc3f6f692fdfc947cfc4d2286772bac6e5477c9c11d0595aa9a263"
            ],
            "markers": "python_version ~= '3.7'",
            "version": "==1.180.0"
        },
        "aws-cdk.aws-ec2": {
            "hashes": [
                "sha256:42c834c18282d7704b9514d2b4d7b5803b053f503ff1156e71f1f8f3d4682337",
                "sha256:d55ef50daf43450830d1852d05ddf1625c6f55f67ceaae7f49bc491af176bad0"
            ],
            "markers": "python_version ~= '3.7'",
            "version": "==1.180.0"
        },
        "aws-cdk.aws-ecr": {
            "hashes": [
                "sha256:704f540a9a942c1e157b6995e61677c7a4505e0d5ccbcefed773107ad31e5838",
                "sha256:78d928edcb00c26c63d756d36236bb59691412f94b734d240f2261b8d0d59725"
            ],
            "markers": "python_version ~= '3.7'",
            "version": "==1.180.0"
        },
        "aws-cdk.aws-ecr-assets": {
            "hashes": [
                "sha256:46a0cbfa628df2c284e03bd9a6092853f8b63dce3455382ae443ede41f053409",
                "sha256:d8ad5d0a9cb7da16244aa6e86531ec508b7c4a1950337fba968cce7f34cc7dce"
            ],
            "markers": "python_version ~= '3.7'",
            "version": "==1.180.0"
        },
        "aws-cdk.aws-ecs": {
            "hashes": [
                "sha256:8ccc8f982e112c0117cacf5f95b89e421ddd4224f62b5fcc7c31adda6ab3dec7",
                "sha256:980edfbd68536b739f1522a29690570e3bdf27fe0ec309ab146e091dd8feb510"
            ],
            "markers": "python_version ~= '3.7'",
            "version": "==1.180.0"
        },
        "aws-cdk.aws-efs": {
            "hashes": [
                "sha256:e2c22a31fb27de80ae8222e245e200ae79c902f13e210f1f9a9809ff528a32f3",
                "sha256:fbc592042ae4a7a6c664390111d542ab9eff5d44d8dcd5b0dac2a622133280bb"
            ],
            "markers": "python_version ~= '3.7'",
            "version": "==1.180.0"
        },
        "aws-cdk.aws-elasticloadbalancing": {
            "hashes": [
                "sha256:2b071b4e36083c47bfaa054622ab04c75517c26a3827a9df3585cb6ed680dde0",
                "sha256:71e3ef06cc6a8b0d32520ef6794d1535c5b36d3e559e6bb3b7e36479414bec76"
            ],
            "markers": "python_version ~= '3.7'",
            "version": "==1.180.0"
        },
        "aws-cdk.aws-elasticloadbalancingv2": {
            "hashes": [
                "sha256:9596faf1f89c2ada388042a142d252b72eeab1daaffd49b99cac59db7f5ce222",
                "sha256:b4938ae44a8f9c2af2061133c87a2f29b710ba7d473ce5cc66cd1ab46eb97f1a"
            ],
            "markers": "python_version ~= '3.7'",
            "version": "==1.180.0"
        },
        "aws-cdk.aws-events": {
            "hashes": [
                "sha256:1205d2a0d0348df11321a2059a538128d5a232c63a8a6dbc0946b49c3fc3abd9",
                "sha256:45771aa698d526807fa55bde6c77941b953f0c9ec6659a88d310cb63ce562c32"
            ],
            "index": "pypi",
            "markers": "python_version ~= '3.7'",
            "version": "==1.180.0"
        },
        "aws-cdk.aws-events-targets": {
            "hashes": [
                "sha256:5f89c7974257a7ec845604f17395c885658d3938312859d4b00dc12127c40994",
                "sha256:9a4fd0e329f4108dffc2869adecc7e93cb7f6ff341e437da25abac9a64d656b1"
            ],
            "index": "pypi",
            "version": "==1.180.0"
        },
        "aws-cdk.aws-globalaccelerator": {
            "hashes": [
                "sha256:8ef7cb9414edb15072f0f2bd7b377c1a6d79bcbf93818f4ab38f95062062e730",
                "sha256:ae4898849c95d236c80ef2a5b6bcaf1fca147bc71f35d2bad6ef95227e6b6bd3"
            ],
            "markers": "python_version ~= '3.7'",
            "version": "==1.180.0"
        },
        "aws-cdk.aws-iam": {
            "hashes": [
                "sha256:007e644492dc126fd8c233b4459506fe6e4246d30277ce572588ee7536a6d1e0",
                "sha256:90deea6163e34924556c79ec245b8c9a3d87b412062a91f207a9da1d9787ae84"
            ],
            "markers": "python_version ~= '3.7'",
            "version": "==1.180.0"
        },
        "aws-cdk.aws-imagebuilder": {
            "hashes": [
                "sha256:22f40aeb1494a404f7a98ed6833cd73da26b20e38fed4507dcd68dab8e3deebe",
                "sha256:2991193f19104d1b9750a4b6f73fedd1781e181eb23a43a6d41d55e73217a796"
            ],
            "index": "pypi",
            "version": "==1.180.0"
        },
        "aws-cdk.aws-kinesis": {
            "hashes": [
                "sha256:713aa2b0d4aabb54a6212790cb81a539ae295090d0ffed46d2a8e59c4acb8998",
                "sha256:a62cb7bf9e368940a8db390236e795f6cd0e95f64e435a4c45619b69717e8797"
            ],
            "markers": "python_version ~= '3.7'",
            "version": "==1.180.0"
        },
        "aws-cdk.aws-kinesisfirehose": {
            "hashes": [
                "sha256:21193ed0c942d98e0b05f8ae7d078c61f500b833c9754a206d50bb0e4bcb486c",
                "sha256:501e5b26bea17709eaddca8d551be78021dcecc0db70b0bc1d88e3fb2a910562"
            ],
            "markers": "python_version ~= '3.7'",
            "version": "==1.180.0"
        },
        "aws-cdk.aws-kms": {
            "hashes": [
                "sha256:1aeeea3ab9884e713dd6544a5579f936310d363f0b7a497c6a7dfa565a8db90c",
                "sha256:893ed7ebc427732661bdead9b1525c50e5b3d222f2ef9e522d749720d755f7ca"
            ],
            "markers": "python_version ~= '3.7'",
            "version": "==1.180.0"
        },
        "aws-cdk.aws-lambda": {
            "hashes": [
                "sha256:6a4fd169c4efa39bf71ef4abbe0833b5d5fbdc1f0bffbbc92597e5191d7c343b",
                "sha256:d96f02b4f415661d0f807687b68bd4d544fc041a12adda3b1ecf01ea14abc47d"
            ],
            "index": "pypi",
            "markers": "python_version ~= '3.7'",
            "version": "==1.180.0"
        },
        "aws-cdk.aws-lambda-python": {
            "hashes": [
                "sha256:49492aa0b10a47227b661263195e87e836fe6ce9631bdd4b61bce12cdeea55a0",
                "sha256:5a36574aaa5e8d328283a8bcb0c74cee6d49c79da5a67adba7cccf77ebe7c1bc"
            ],
            "index": "pypi",
            "version": "==1.180.0"
        },
        "aws-cdk.aws-logs": {
            "hashes": [
                "sha256:36eae0f3ef42c0ee2891a31b666742c553cc1e94e988a5777b3907f390595ace",
                "sha256:5b7cea396ecb097e4fed2d33f877c3760cc650bd3057e0f413d7a623cdb8dd58"
            ],
            "markers": "python_version ~= '3.7'",
            "version": "==1.180.0"
        },
        "aws-cdk.aws-route53": {
            "hashes": [
                "sha256:43ee9c4b471fde67a57bcb2bc791962563cf6ae9af275ed1fef45963ae8e6315",
                "sha256:c6504d308658dd441018c20c5cfeef6053e3d164ee075c9105369a4f38bbe6ce"
            ],
            "markers": "python_version ~= '3.7'",
            "version": "==1.180.0"
        },
        "aws-cdk.aws-route53-targets": {
            "hashes": [
                "sha256:1b936398038e15beedab8f7908075b89c852d8d608ae98ab4d16c0e217abce5e",
                "sha256:4874e960d04bf00d4fc404387b3bcaefed75232be7ac64a92ecacda397fc7514"
            ],
            "markers": "python_version ~= '3.7'",
            "version": "==1.180.0"
        },
        "aws-cdk.aws-s3": {
            "hashes": [
                "sha256:e8241b1e5f88ab85788f47a0dcb79b8d4b50600556beb8251124aa1bec274c91",
                "sha256:f6f2f1a28120222d74ec5ff7ee072c7727f462d05119bf8ba4bfb325654308c2"
            ],
            "index": "pypi",
            "markers": "python_version ~= '3.7'",
            "version": "==1.180.0"
        },
        "aws-cdk.aws-s3-assets": {
            "hashes": [
                "sha256:b1b51fa30aeb67acaf7334e545bef786074a4e9ac3e0bf8a91d8c362c3e508c4",
                "sha256:fb07d68bb7a4b7ba906f826b024ebfb633e83fa5df997d4b39be63568c50c546"
            ],
            "markers": "python_version ~= '3.7'",
            "version": "==1.180.0"
        },
        "aws-cdk.aws-s3-deployment": {
            "hashes": [
                "sha256:5890134c7c3892075341303363b35b4e73dc48d5b8e63f4b49520f827bba738c",
                "sha256:c23ae0d9980f6c5e5ad0f2f4f2bad3d88d053879743eb8bb79c3404dc7b6470c"
            ],
            "index": "pypi",
            "version": "==1.180.0"
        },
        "aws-cdk.aws-sam": {
            "hashes": [
                "sha256:379a57e36717bcd3bcda1bc3392f0af3eab466608f74806cb76e728d16079de6",
                "sha256:95390d20d650baa8ea56bb77a41cb0593a3a399c7bbf4249fdad3f9b93a5d60a"
            ],
            "markers": "python_version ~= '3.7'",
            "version": "==1.180.0"
        },
        "aws-cdk.aws-secretsmanager": {
            "hashes": [
                "sha256:7246df3af1ccb2eb46e19e1e34197b3af44b48e69538c4e29d91467a08f869a5",
                "sha256:87c28b80a78379c0e6ea435ad2cdadb776d5e63534a5df5097ea8fbf3a5cc140"
            ],
            "markers": "python_version ~= '3.7'",
            "version": "==1.180.0"
        },
        "aws-cdk.aws-servicediscovery": {
            "hashes": [
                "sha256:2078673f5c4f3c7ad13d1ac4e513a65df9640118b83bfb59156a494bd504c334",
                "sha256:71a88861c5bda7dd7b89fa862f421450ec8bb6a1c92afb43515ddbd0a953871e"
            ],
            "markers": "python_version ~= '3.7'",
            "version": "==1.180.0"
        },
        "aws-cdk.aws-signer": {
            "hashes": [
                "sha256:bcb80a2adbcd80b53082d390e5e8ea2b78eca56c07776d4093036c5cb8d391e6",
                "sha256:c8968de717e0c8c6b0ba2e4fa8f56e045ec8d7a256dbb1e5954b0456ddadfbf1"
            ],
            "markers": "python_version ~= '3.7'",
            "version": "==1.180.0"
        },
        "aws-cdk.aws-sns": {
            "hashes": [
                "sha256:0828b2eff0489de9dea38e8e01a21c5919b5e63d3faf0a9e1a2e50e688c804f3",
                "sha256:b96da54e292df21399fad73d8b1e3d4a8d01ec1b7e45c079a0f3352b5a54b5c5"
            ],
            "markers": "python_version ~= '3.7'",
            "version": "==1.180.0"
        },
        "aws-cdk.aws-sns-subscriptions": {
            "hashes": [
                "sha256:39e0bac450398531b77cc642254aaf51182b6b37caad7766ce08ad34f0544930",
                "sha256:a55216849c524ecb119923a87286fa49a1d5ae644610d7e34b072d250a0eb08e"
            ],
            "markers": "python_version ~= '3.7'",
            "version": "==1.180.0"
        },
        "aws-cdk.aws-sqs": {
            "hashes": [
                "sha256:26d7f19d5f2d0bd2565a3fa29806afe965774b36fd32f374b042fe9d81850858",
                "sha256:a0fca55fc0d17518b742b7deff277210cb18fa9442e826b3c9802e3335730f05"
            ],
            "markers": "python_version ~= '3.7'",
            "version": "==1.180.0"
        },
        "aws-cdk.aws-ssm": {
            "hashes": [
                "sha256:2ca5e4ffeaf819a99f7a00b78d0a2a214188369f5e2dbbf3acb967c3b1c14881",
                "sha256:955214a4feb7d57b84711aa77de183b60ee61baba50a9511cba04be32c558602"
            ],
            "markers": "python_version ~= '3.7'",
            "version": "==1.180.0"
        },
        "aws-cdk.aws-stepfunctions": {
            "hashes": [
                "sha256:a6e52d987d0cef6fd1343dd630e33c6e3e72d0f3c0ed07075e5061a3764482cf",
                "sha256:f0b5d19bb35bb480822e2a01490bcc1b5886c48fd578ed99fff6f9f6b26ae1db"
            ],
            "markers": "python_version ~= '3.7'",
            "version": "==1.180.0"
        },
        "aws-cdk.cloud-assembly-schema": {
            "hashes": [
                "sha256:233576a4317136ccef2525d30cab7269526528299ebad50f18185932caff9b68",
                "sha256:6ff0dd60cdfffcb21621b910ac817c62474403884b80b83db54aabbfb4dd6082"
            ],
            "markers": "python_version ~= '3.7'",
            "version": "==1.180.0"
        },
        "aws-cdk.core": {
            "hashes": [
                "sha256:956cd2c7c8787c8c3ffde07092047e5c681b4e7ec8be1891d177809c6a197080",
                "sha256:bd0ee88b68e199024b44d9f3675e678608af578075714cb1a4c9389c49f68aed"
            ],
            "index": "pypi",
            "version": "==1.180.0"
        },
        "aws-cdk.custom-resources": {
            "hashes": [
                "sha256:663455734f04043a42892a592e8b182967a58f3e8fdce8124ff1ae1b0b64edef",
                "sha256:f4f264a71fae545c1ff35707fe85e24ba0ccd5c4594270de29bf5803ab2cf5b8"
            ],
            "markers": "python_version ~= '3.7'",
            "version": "==1.180.0"
        },
        "aws-cdk.cx-api": {
            "hashes": [
                "sha256:1133ed08109089671eedad9240a56e912a71860efc569fc9176bdbeddd4a0e8f",
                "sha256:eb35debb826113affb69657d3b07707c87ab6dc7ec303ae9ed143acf75faf333"
            ],
            "markers": "python_version ~= '3.7'",
            "version": "==1.180.0"
        },
        "aws-cdk.lambda-layer-awscli": {
            "hashes": [
                "sha256:3d0f0c774be8973054d882dacacedff7fce373b535967e39dabce6cf616c7ce1",
                "sha256:d7e1c7ffa5608bef2a44d8bb91b68c5c810ab6b731fe20eaa3f0be953c7dd7c7"
            ],
            "markers": "python_version ~= '3.7'",
            "version": "==1.180.0"
        },
        "aws-cdk.region-info": {
            "hashes": [
                "sha256:b7c7262e6cd73be574ac3a84ae2546859a0e38c02b466aec652d320133106ce6",
                "sha256:f842f9d6167b0660b9503941561305f3b8fba4cbc68049ea04adb30bd1814d80"
            ],
            "markers": "python_version ~= '3.7'",
            "version": "==1.180.0"
        },
        "cattrs": {
            "hashes": [
                "sha256:bc12b1f0d000b9f9bee83335887d532a1d3e99a833d1bf0882151c97d3e68c21",
                "sha256:f0eed5642399423cf656e7b66ce92cdc5b963ecafd041d1b24d136fdde7acf6d"
            ],
            "markers": "python_version >= '3.7'",
            "version": "==22.2.0"
        },
        "constructs": {
            "hashes": [
                "sha256:8f963660a01f842cf109e9a77b17b932416dbf9d9386efe490bc644a96b8229a",
                "sha256:dd28fcb5f3c836a64100d68fa42beb7ae1e79623c1e20c74ed2e3e6e5b9d6592"
            ],
            "markers": "python_version ~= '3.7'",
            "version": "==3.4.147"
        },
        "exceptiongroup": {
            "hashes": [
                "sha256:4d6c0aa6dd825810941c792f53d7b8d71da26f5e5f84f20f9508e8f2d33b140a",
                "sha256:73866f7f842ede6cb1daa42c4af078e2035e5f7607f0e2c762cc51bb31bbe7b2"
            ],
            "markers": "python_version < '3.11'",
            "version": "==1.0.1"
        },
        "jsii": {
            "hashes": [
                "sha256:9fc57ff37868364ba3417b26dc97189cd0cc71282196a3f4765768c067354be0",
                "sha256:d0867c0d2f60ceda1664c026033ae34ea36178c7027315e577ded13043827664"
            ],
            "markers": "python_version ~= '3.7'",
            "version": "==1.70.0"
        },
        "publication": {
            "hashes": [
                "sha256:0248885351febc11d8a1098d5c8e3ab2dabcf3e8c0c96db1e17ecd12b53afbe6",
                "sha256:68416a0de76dddcdd2930d1c8ef853a743cc96c82416c4e4d3b5d901c6276dc4"
            ],
            "version": "==0.0.3"
        },
        "python-dateutil": {
            "hashes": [
                "sha256:0123cacc1627ae19ddf3c27a5de5bd67ee4586fbdd6440d9748f8abb483d3e86",
                "sha256:961d03dc3453ebbc59dbdea9e4e11c5651520a876d0f4db161e8674aae935da9"
            ],
            "markers": "python_version >= '2.7' and python_version not in '3.0, 3.1, 3.2, 3.3'",
            "version": "==2.8.2"
        },
        "pyyaml": {
            "hashes": [
                "sha256:01b45c0191e6d66c470b6cf1b9531a771a83c1c4208272ead47a3ae4f2f603bf",
                "sha256:0283c35a6a9fbf047493e3a0ce8d79ef5030852c51e9d911a27badfde0605293",
                "sha256:055d937d65826939cb044fc8c9b08889e8c743fdc6a32b33e2390f66013e449b",
                "sha256:07751360502caac1c067a8132d150cf3d61339af5691fe9e87803040dbc5db57",
                "sha256:0b4624f379dab24d3725ffde76559cff63d9ec94e1736b556dacdfebe5ab6d4b",
                "sha256:0ce82d761c532fe4ec3f87fc45688bdd3a4c1dc5e0b4a19814b9009a29baefd4",
                "sha256:1e4747bc279b4f613a09eb64bba2ba602d8a6664c6ce6396a4d0cd413a50ce07",
                "sha256:213c60cd50106436cc818accf5baa1aba61c0189ff610f64f4a3e8c6726218ba",
                "sha256:231710d57adfd809ef5d34183b8ed1eeae3f76459c18fb4a0b373ad56bedcdd9",
                "sha256:277a0ef2981ca40581a47093e9e2d13b3f1fbbeffae064c1d21bfceba2030287",
                "sha256:2cd5df3de48857ed0544b34e2d40e9fac445930039f3cfe4bcc592a1f836d513",
                "sha256:40527857252b61eacd1d9af500c3337ba8deb8fc298940291486c465c8b46ec0",
                "sha256:432557aa2c09802be39460360ddffd48156e30721f5e8d917f01d31694216782",
                "sha256:473f9edb243cb1935ab5a084eb238d842fb8f404ed2193a915d1784b5a6b5fc0",
                "sha256:48c346915c114f5fdb3ead70312bd042a953a8ce5c7106d5bfb1a5254e47da92",
                "sha256:50602afada6d6cbfad699b0c7bb50d5ccffa7e46a3d738092afddc1f9758427f",
                "sha256:68fb519c14306fec9720a2a5b45bc9f0c8d1b9c72adf45c37baedfcd949c35a2",
                "sha256:77f396e6ef4c73fdc33a9157446466f1cff553d979bd00ecb64385760c6babdc",
                "sha256:81957921f441d50af23654aa6c5e5eaf9b06aba7f0a19c18a538dc7ef291c5a1",
                "sha256:819b3830a1543db06c4d4b865e70ded25be52a2e0631ccd2f6a47a2822f2fd7c",
                "sha256:897b80890765f037df3403d22bab41627ca8811ae55e9a722fd0392850ec4d86",
                "sha256:98c4d36e99714e55cfbaaee6dd5badbc9a1ec339ebfc3b1f52e293aee6bb71a4",
                "sha256:9df7ed3b3d2e0ecfe09e14741b857df43adb5a3ddadc919a2d94fbdf78fea53c",
                "sha256:9fa600030013c4de8165339db93d182b9431076eb98eb40ee068700c9c813e34",
                "sha256:a80a78046a72361de73f8f395f1f1e49f956c6be882eed58505a15f3e430962b",
                "sha256:afa17f5bc4d1b10afd4466fd3a44dc0e245382deca5b3c353d8b757f9e3ecb8d",
                "sha256:b3d267842bf12586ba6c734f89d1f5b871df0273157918b0ccefa29deb05c21c",
                "sha256:b5b9eccad747aabaaffbc6064800670f0c297e52c12754eb1d976c57e4f74dcb",
                "sha256:bfaef573a63ba8923503d27530362590ff4f576c626d86a9fed95822a8255fd7",
                "sha256:c5687b8d43cf58545ade1fe3e055f70eac7a5a1a0bf42824308d868289a95737",
                "sha256:cba8c411ef271aa037d7357a2bc8f9ee8b58b9965831d9e51baf703280dc73d3",
                "sha256:d15a181d1ecd0d4270dc32edb46f7cb7733c7c508857278d3d378d14d606db2d",
                "sha256:d4b0ba9512519522b118090257be113b9468d804b19d63c71dbcf4a48fa32358",
                "sha256:d4db7c7aef085872ef65a8fd7d6d09a14ae91f691dec3e87ee5ee0539d516f53",
                "sha256:d4eccecf9adf6fbcc6861a38015c2a64f38b9d94838ac1810a9023a0609e1b78",
                "sha256:d67d839ede4ed1b28a4e8909735fc992a923cdb84e618544973d7dfc71540803",
                "sha256:daf496c58a8c52083df09b80c860005194014c3698698d1a57cbcfa182142a3a",
                "sha256:dbad0e9d368bb989f4515da330b88a057617d16b6a8245084f1b05400f24609f",
                "sha256:e61ceaab6f49fb8bdfaa0f92c4b57bcfbea54c09277b1b4f7ac376bfb7a7c174",
                "sha256:f84fbc98b019fef2ee9a1cb3ce93e3187a6df0b2538a651bfb890254ba9f90b5"
            ],
            "index": "pypi",
            "version": "==6.0"
        },
        "six": {
            "hashes": [
                "sha256:1e61c37477a1626458e36f7b1d82aa5c9b094fa4802892072e49de9c60c4c926",
                "sha256:8abb2f1d86890a2dfb989f9a77cfcfd3e47c2a354b01111771326f8aa26e0254"
            ],
            "markers": "python_version >= '2.7' and python_version not in '3.0, 3.1, 3.2, 3.3'",
            "version": "==1.16.0"
        },
        "typeguard": {
            "hashes": [
                "sha256:00edaa8da3a133674796cf5ea87d9f4b4c367d77476e185e80251cc13dfbb8c4",
                "sha256:5e3e3be01e887e7eafae5af63d1f36c849aaa94e3a0112097312aabfa16284f1"
            ],
            "markers": "python_full_version >= '3.5.3'",
            "version": "==2.13.3"
        },
        "typing-extensions": {
            "hashes": [
                "sha256:1511434bb92bf8dd198c12b1cc812e800d4181cfcb867674e0f8279cc93087aa",
                "sha256:16fa4864408f655d35ec496218b85f79b3437c829e93320c7c9215ccfd92489e"
            ],
            "markers": "python_version >= '3.7'",
            "version": "==4.4.0"
        }
    },
    "develop": {
        "asttokens": {
            "hashes": [
                "sha256:1b28ed85e254b724439afc783d4bee767f780b936c3fe8b3275332f42cf5f561",
                "sha256:4aa76401a151c8cc572d906aad7aea2a841780834a19d780f4321c0fe1b54635"
            ],
            "version": "==2.1.0"
        },
        "attrs": {
            "hashes": [
                "sha256:29adc2665447e5191d0e7c568fde78b21f9672d344281d0c6e1ab085429b22b6",
                "sha256:86efa402f67bf2df34f51a335487cf46b1ec130d02b8d39fd248abfd30da551c"
            ],
            "markers": "python_version >= '3.5'",
            "version": "==22.1.0"
        },
        "backcall": {
            "hashes": [
                "sha256:5cbdbf27be5e7cfadb448baf0aa95508f91f2bbc6c6437cd9cd06e2a4c215e1e",
                "sha256:fbbce6a29f263178a1f7915c1940bde0ec2b2a967566fe1c65c1dfb7422bd255"
            ],
            "version": "==0.2.0"
        },
        "black": {
            "hashes": [
                "sha256:14ff67aec0a47c424bc99b71005202045dc09270da44a27848d534600ac64fc7",
                "sha256:197df8509263b0b8614e1df1756b1dd41be6738eed2ba9e9769f3880c2b9d7b6",
                "sha256:1e464456d24e23d11fced2bc8c47ef66d471f845c7b7a42f3bd77bf3d1789650",
                "sha256:2039230db3c6c639bd84efe3292ec7b06e9214a2992cd9beb293d639c6402edb",
                "sha256:21199526696b8f09c3997e2b4db8d0b108d801a348414264d2eb8eb2532e540d",
                "sha256:2644b5d63633702bc2c5f3754b1b475378fbbfb481f62319388235d0cd104c2d",
                "sha256:432247333090c8c5366e69627ccb363bc58514ae3e63f7fc75c54b1ea80fa7de",
                "sha256:444ebfb4e441254e87bad00c661fe32df9969b2bf224373a448d8aca2132b395",
                "sha256:5b9b29da4f564ba8787c119f37d174f2b69cdfdf9015b7d8c5c16121ddc054ae",
                "sha256:5cc42ca67989e9c3cf859e84c2bf014f6633db63d1cbdf8fdb666dcd9e77e3fa",
                "sha256:5d8f74030e67087b219b032aa33a919fae8806d49c867846bfacde57f43972ef",
                "sha256:72ef3925f30e12a184889aac03d77d031056860ccae8a1e519f6cbb742736383",
                "sha256:819dc789f4498ecc91438a7de64427c73b45035e2e3680c92e18795a839ebb66",
                "sha256:915ace4ff03fdfff953962fa672d44be269deb2eaf88499a0f8805221bc68c87",
                "sha256:9311e99228ae10023300ecac05be5a296f60d2fd10fff31cf5c1fa4ca4b1988d",
                "sha256:974308c58d057a651d182208a484ce80a26dac0caef2895836a92dd6ebd725e0",
                "sha256:b8b49776299fece66bffaafe357d929ca9451450f5466e997a7285ab0fe28e3b",
                "sha256:c957b2b4ea88587b46cf49d1dc17681c1e672864fd7af32fc1e9664d572b3458",
                "sha256:e41a86c6c650bcecc6633ee3180d80a025db041a8e2398dcc059b3afa8382cd4",
                "sha256:f513588da599943e0cde4e32cc9879e825d58720d6557062d1098c5ad80080e1",
                "sha256:fba8a281e570adafb79f7755ac8721b6cf1bbf691186a287e990c7929c7692ff"
            ],
            "index": "pypi",
            "version": "==22.10.0"
        },
        "cached-property": {
            "hashes": [
                "sha256:9fa5755838eecbb2d234c3aa390bd80fbd3ac6b6869109bfc1b499f7bd89a130",
                "sha256:df4f613cf7ad9a588cc381aaf4a512d26265ecebd5eb9e1ba12f1319eb85a6a0"
            ],
            "version": "==1.5.2"
        },
        "cerberus": {
            "hashes": [
                "sha256:d1b21b3954b2498d9a79edf16b3170a3ac1021df88d197dc2ce5928ba519237c"
            ],
            "version": "==1.3.4"
        },
        "certifi": {
            "hashes": [
                "sha256:0d9c601124e5a6ba9712dbc60d9c53c21e34f5f641fe83002317394311bdce14",
                "sha256:90c1a32f1d68f940488354e36370f6cca89f0f106db09518524c88d6ed83f382"
            ],
            "markers": "python_version >= '3.6'",
            "version": "==2022.9.24"
        },
        "charset-normalizer": {
            "hashes": [
                "sha256:5a3d016c7c547f69d6f81fb0db9449ce888b418b5b9952cc5e6e66843e9dd845",
                "sha256:83e9a75d1911279afd89352c68b45348559d1fc0506b054b346651b5e7fee29f"
            ],
            "markers": "python_full_version >= '3.6.0'",
            "version": "==2.1.1"
        },
        "click": {
            "hashes": [
                "sha256:7682dc8afb30297001674575ea00d1814d808d6a36af415a82bd481d37ba7b8e",
                "sha256:bb4d8133cb15a609f44e8213d9b391b0809795062913b383c62be0ee95b1db48"
            ],
            "markers": "python_version >= '3.7'",
            "version": "==8.1.3"
        },
        "colorama": {
            "hashes": [
                "sha256:08695f5cb7ed6e0531a20572697297273c47b8cae5a63ffc6d6ed5c201be6e44",
                "sha256:4f1d9991f5acc0ca119f9d443620b77f9d6b33703e51011c16baf57afb285fc6"
            ],
            "markers": "python_version >= '2.7' and python_version not in '3.0, 3.1, 3.2, 3.3, 3.4, 3.5, 3.6'",
            "version": "==0.4.6"
        },
        "decorator": {
            "hashes": [
                "sha256:637996211036b6385ef91435e4fae22989472f9d571faba8927ba8253acbc330",
                "sha256:b8c3f85900b9dc423225913c5aace94729fe1fa9763b38939a95226f02d37186"
            ],
            "markers": "python_version >= '3.7'",
            "version": "==5.1.1"
        },
        "distlib": {
            "hashes": [
                "sha256:14bad2d9b04d3a36127ac97f30b12a19268f211063d8f8ee4f47108896e11b46",
                "sha256:f35c4b692542ca110de7ef0bea44d73981caeb34ca0b9b6b2e6d7790dda8f80e"
            ],
            "version": "==0.3.6"
        },
        "docopt": {
            "hashes": [
                "sha256:49b3a825280bd66b3aa83585ef59c4a8c82f2c8a522dbe754a8bc8d08c85c491"
            ],
            "version": "==0.6.2"
        },
        "executing": {
            "hashes": [
                "sha256:0314a69e37426e3608aada02473b4161d4caf5a4b244d1d0c48072b8fee7bacc",
                "sha256:19da64c18d2d851112f09c287f8d3dbbdf725ab0e569077efb6cdcbd3497c107"
            ],
            "version": "==1.2.0"
        },
        "idna": {
            "hashes": [
                "sha256:814f528e8dead7d329833b91c5faa87d60bf71824cd12a7530b5526063d02cb4",
                "sha256:90b77e79eaa3eba6de819a0c442c0b4ceefc341a7a2ab77d7562bf49f425c5c2"
            ],
            "markers": "python_version >= '3.5'",
            "version": "==3.4"
        },
        "ipdb": {
            "hashes": [
                "sha256:951bd9a64731c444fd907a5ce268543020086a697f6be08f7cc2c9a752a278c5"
            ],
            "index": "pypi",
            "version": "==0.13.9"
        },
        "ipython": {
            "hashes": [
                "sha256:7c959e3dedbf7ed81f9b9d8833df252c430610e2a4a6464ec13cd20975ce20a5",
                "sha256:91ef03016bcf72dd17190f863476e7c799c6126ec7e8be97719d1bc9a78a59a4"
            ],
            "markers": "python_version >= '3.7'",
            "version": "==8.6.0"
        },
        "isort": {
            "extras": [
                "pipfile_deprecated_finder"
            ],
            "hashes": [
                "sha256:6f62d78e2f89b4500b080fe3a81690850cd254227f27f75c3a0c491a1f351ba7",
                "sha256:e8443a5e7a020e9d7f97f1d7d9cd17c88bcb3bc7e218bf9cf5095fe550be2951"
            ],
            "index": "pypi",
            "version": "==5.10.1"
        },
        "jedi": {
            "hashes": [
                "sha256:637c9635fcf47945ceb91cd7f320234a7be540ded6f3e99a50cb6febdfd1ba8d",
                "sha256:74137626a64a99c8eb6ae5832d99b3bdd7d29a3850fe2aa80a4126b2a7d949ab"
            ],
            "markers": "python_version >= '3.6'",
            "version": "==0.18.1"
        },
        "matplotlib-inline": {
            "hashes": [
                "sha256:f1f41aab5328aa5aaea9b16d083b128102f8712542f819fe7e6a420ff581b311",
                "sha256:f887e5f10ba98e8d2b150ddcf4702c1e5f8b3a20005eb0f74bfdbd360ee6f304"
            ],
            "markers": "python_version >= '3.5'",
            "version": "==0.1.6"
        },
        "mypy-extensions": {
            "hashes": [
                "sha256:090fedd75945a69ae91ce1303b5824f428daf5a028d2f6ab8a299250a846f15d",
                "sha256:2d82818f5bb3e369420cb3c4060a7970edba416647068eb4c5343488a6c604a8"
            ],
            "version": "==0.4.3"
        },
        "parso": {
            "hashes": [
                "sha256:8c07be290bb59f03588915921e29e8a50002acaf2cdc5fa0e0114f91709fafa0",
                "sha256:c001d4636cd3aecdaf33cbb40aebb59b094be2a74c556778ef5576c175e19e75"
            ],
            "markers": "python_version >= '3.6'",
            "version": "==0.8.3"
        },
        "pathspec": {
            "hashes": [
                "sha256:46846318467efc4556ccfd27816e004270a9eeeeb4d062ce5e6fc7a87c573f93",
                "sha256:7ace6161b621d31e7902eb6b5ae148d12cfd23f4a249b9ffb6b9fee12084323d"
            ],
            "markers": "python_version >= '3.7'",
            "version": "==0.10.1"
        },
        "pep517": {
            "hashes": [
                "sha256:4ba4446d80aed5b5eac6509ade100bff3e7943a8489de249654a5ae9b33ee35b",
                "sha256:ae69927c5c172be1add9203726d4b84cf3ebad1edcd5f71fcdc746e66e829f59"
            ],
            "markers": "python_version >= '3.6'",
            "version": "==0.13.0"
        },
        "pexpect": {
            "hashes": [
                "sha256:0b48a55dcb3c05f3329815901ea4fc1537514d6ba867a152b581d69ae3710937",
                "sha256:fc65a43959d153d0114afe13997d439c22823a27cefceb5ff35c2178c6784c0c"
            ],
            "markers": "sys_platform != 'win32'",
            "version": "==4.8.0"
        },
        "pickleshare": {
            "hashes": [
                "sha256:87683d47965c1da65cdacaf31c8441d12b8044cdec9aca500cd78fc2c683afca",
                "sha256:9649af414d74d4df115d5d718f82acb59c9d418196b7b4290ed47a12ce62df56"
            ],
            "version": "==0.7.5"
        },
        "pip": {
            "hashes": [
                "sha256:65fd48317359f3af8e593943e6ae1506b66325085ea64b706a998c6e83eeaf38",
                "sha256:908c78e6bc29b676ede1c4d57981d490cb892eb45cd8c214ab6298125119e077"
            ],
            "markers": "python_version >= '3.7'",
            "version": "==22.3.1"
        },
        "pipreqs": {
            "hashes": [
                "sha256:1510a91ae73ef6a8e2f24ffc8751132251cd61a01296d61538f37d1491841640",
                "sha256:c793b4e147ac437871b3a962c5ce467e129c859ece5ba79aca83c20f4d9c3aef"
            ],
            "version": "==0.4.11"
        },
        "platformdirs": {
            "hashes": [
                "sha256:0cb405749187a194f444c25c82ef7225232f11564721eabffc6ec70df83b11cb",
                "sha256:6e52c21afff35cb659c6e52d8b4d61b9bd544557180440538f255d9382c8cbe0"
            ],
            "markers": "python_version >= '3.7'",
            "version": "==2.5.3"
        },
        "plette": {
            "extras": [
                "validation"
            ],
            "hashes": [
                "sha256:7bf014ff695d8badf5a058227db0f0bd1fa7ffd6e54ad8b851bc36c20a4a7894",
                "sha256:e4dc4a05bfce68d6f6b8d1ccd6e8957ecf4ed6707e8d32f7188b6e628526644e"
            ],
            "markers": "python_version >= '3.7'",
            "version": "==0.4.2"
        },
        "prompt-toolkit": {
            "hashes": [
                "sha256:24becda58d49ceac4dc26232eb179ef2b21f133fecda7eed6018d341766ed76e",
                "sha256:e7f2129cba4ff3b3656bbdda0e74ee00d2f874a8bcdb9dd16f5fec7b3e173cae"
            ],
            "markers": "python_full_version >= '3.6.2'",
            "version": "==3.0.32"
        },
        "ptyprocess": {
            "hashes": [
                "sha256:4b41f3967fce3af57cc7e94b888626c18bf37a083e3651ca8feeb66d492fef35",
                "sha256:5c5d0a3b48ceee0b48485e0c26037c0acd7d29765ca3fbb5cb3831d347423220"
            ],
            "version": "==0.7.0"
        },
        "pure-eval": {
            "hashes": [
                "sha256:01eaab343580944bc56080ebe0a674b39ec44a945e6d09ba7db3cb8cec289350",
                "sha256:2b45320af6dfaa1750f543d714b6d1c520a1688dec6fd24d339063ce0aaa9ac3"
            ],
            "version": "==0.2.2"
        },
        "pygments": {
            "hashes": [
                "sha256:56a8508ae95f98e2b9bdf93a6be5ae3f7d8af858b43e02c5a2ff083726be40c1",
                "sha256:f643f331ab57ba3c9d89212ee4a2dabc6e94f117cf4eefde99a0574720d14c42"
            ],
            "markers": "python_version >= '3.6'",
            "version": "==2.13.0"
        },
        "requests": {
            "hashes": [
                "sha256:7c5599b102feddaa661c826c56ab4fee28bfd17f5abca1ebbe3e7f19d7c97983",
                "sha256:8fefa2a1a1365bf5520aac41836fbee479da67864514bdb821f31ce07ce65349"
            ],
            "markers": "python_version >= '3.7' and python_version < '4'",
            "version": "==2.28.1"
        },
        "requirementslib": {
            "hashes": [
                "sha256:09f86c3ed61b3fe65b7c2c6afae4e6266f0099841118cf51af455b58bb1cad06",
                "sha256:b7f9541b3a6b8fbd49e7e58988d9476341b73e3c5e94d48a3ee1bc927e49e5bc"
            ],
            "version": "==2.1.0"
        },
        "setuptools": {
            "hashes": [
                "sha256:d0b9a8433464d5800cbe05094acf5c6d52a91bfac9b52bcfc4d41382be5d5d31",
                "sha256:e197a19aa8ec9722928f2206f8de752def0e4c9fc6953527360d1c36d94ddb2f"
            ],
            "markers": "python_version >= '3.7'",
            "version": "==65.5.1"
        },
        "six": {
            "hashes": [
                "sha256:1e61c37477a1626458e36f7b1d82aa5c9b094fa4802892072e49de9c60c4c926",
                "sha256:8abb2f1d86890a2dfb989f9a77cfcfd3e47c2a354b01111771326f8aa26e0254"
            ],
            "markers": "python_version >= '2.7' and python_version not in '3.0, 3.1, 3.2, 3.3'",
            "version": "==1.16.0"
        },
        "stack-data": {
            "hashes": [
                "sha256:8e515439f818efaa251036af72d89e4026e2b03993f3453c000b200fb4f2d6aa",
                "sha256:b92d206ef355a367d14316b786ab41cb99eb453a21f2cb216a4204625ff7bc07"
            ],
            "version": "==0.6.0"
        },
        "toml": {
            "hashes": [
                "sha256:806143ae5bfb6a3c6e736a764057db0e6a0e05e338b5630894a5f779cabb4f9b",
                "sha256:b3bda1d108d5dd99f4a20d24d9c348e91c4db7ab1b749200bded2f839ccbe68f"
            ],
            "markers": "python_version >= '3.7'",
            "version": "==0.10.2"
        },
        "tomli": {
            "hashes": [
                "sha256:939de3e7a6161af0c887ef91b7d41a53e7c5a1ca976325f429cb46ea9bc30ecc",
                "sha256:de526c12914f0c550d15924c62d72abc48d6fe7364aa87328337a31007fe8a4f"
            ],
            "markers": "python_full_version < '3.11.0a7'",
            "version": "==2.0.1"
        },
        "tomlkit": {
            "hashes": [
                "sha256:07de26b0d8cfc18f871aec595fda24d95b08fef89d147caa861939f37230bf4b",
                "sha256:71b952e5721688937fb02cf9d354dbcf0785066149d2855e44531ebdd2b65d73"
            ],
            "markers": "python_version >= '3.6'",
            "version": "==0.11.6"
        },
        "traitlets": {
            "hashes": [
                "sha256:1201b2c9f76097195989cdf7f65db9897593b0dfd69e4ac96016661bb6f0d30f",
                "sha256:b122f9ff2f2f6c1709dab289a05555be011c87828e911c0cf4074b85cb780a79"
            ],
            "markers": "python_version >= '3.7'",
            "version": "==5.5.0"
        },
        "urllib3": {
            "hashes": [
                "sha256:3fa96cf423e6987997fc326ae8df396db2a8b7c667747d47ddd8ecba91f4a74e",
                "sha256:b930dd878d5a8afb066a637fbb35144fe7901e3b209d1cd4f524bd0e9deee997"
            ],
            "markers": "python_version >= '2.7' and python_version not in '3.0, 3.1, 3.2, 3.3, 3.4, 3.5' and python_version < '4'",
            "version": "==1.26.12"
        },
        "vistir": {
            "hashes": [
                "sha256:1a89a612fb667c26ed6b4ed415b01e0261e13200a350c43d1990ace0ef44d35b",
                "sha256:a8beb7643d07779cdda3941a08dad77d48de94883dbd3cb2b9b5ecb7eb7c0994"
            ],
            "markers": "python_version not in '3.0, 3.1, 3.2, 3.3' and python_version >= '3.7'",
            "version": "==0.6.1"
        },
        "wcwidth": {
            "hashes": [
                "sha256:beb4802a9cebb9144e99086eff703a642a13d6a0052920003a230f3294bbe784",
                "sha256:c4d647b99872929fdb7bdcaa4fbe7f01413ed3d98077df798530e5b04f116c83"
            ],
            "version": "==0.2.5"
        },
        "yarg": {
            "hashes": [
                "sha256:4f9cebdc00fac946c9bf2783d634e538a71c7d280a4d806d45fd4dc0ef441492",
                "sha256:55695bf4d1e3e7f756496c36a69ba32c40d18f821e38f61d028f6049e5e15911"
            ],
            "version": "==0.1.9"
        }
    }
}
