{
    "_meta": {
        "hash": {
            "sha256": "f7575ae55489c157b523f199cb9013563d77655016a5c04e1eb52440234cdfaa"
        },
        "pipfile-spec": 6,
        "requires": {
            "python_version": "3.10"
        },
        "sources": [
            {
                "name": "pypi",
                "url": "https://pypi.org/simple",
                "verify_ssl": true
            }
        ]
    },
    "default": {
        "attrs": {
            "hashes": [
                "sha256:29e95c7f6778868dbd49170f98f8818f78f3dc5e0e37c0b1f474e3561b240836",
                "sha256:c9227bfc2f01993c03f68db37d1d15c9690188323c067c641f1a35ca58185f99"
            ],
            "markers": "python_version >= '3.6'",
            "version": "==22.2.0"
        },
        "aws-cdk.assets": {
            "hashes": [
                "sha256:757f4fb387bafa7d590a0a8a7b471bc7cf1ec37df6a799fa3248ed8442d47545",
                "sha256:9f9dfbb7a6b09e05423060b71a8da0e05753a792d8a11da29ba2e078ba7bde70"
            ],
            "markers": "python_version ~= '3.7'",
            "version": "==1.188.0"
        },
        "aws-cdk.aws-acmpca": {
            "hashes": [
                "sha256:297dec40cdaa1688365c850cbdf621817d31f3e009925b5b57522b46e65ea40d",
                "sha256:cf7688994e88b8cc0d011463d7e8384150449136c58c103c5fe0b3df04bb6633"
            ],
            "markers": "python_version ~= '3.7'",
            "version": "==1.188.0"
        },
        "aws-cdk.aws-apigateway": {
            "hashes": [
                "sha256:7077151124c753d93b09fdf6565d1959633faf33b9a06fb4b2ad30f512911943",
                "sha256:cb79e9842169192f6c8743498b1887646a9e6dc2c3a54600165f1768f5c434db"
            ],
            "markers": "python_version ~= '3.7'",
            "version": "==1.188.0"
        },
        "aws-cdk.aws-applicationautoscaling": {
            "hashes": [
                "sha256:14e6cd27ec28c42972072f814036520ded3486ec112703da0e6d6ba6ef64e3fc",
                "sha256:ed02507ca6f3626e571eae9c3c0205525b2a2939c5357865e131f0a2241ebdb0"
            ],
            "markers": "python_version ~= '3.7'",
            "version": "==1.188.0"
        },
        "aws-cdk.aws-autoscaling": {
            "hashes": [
                "sha256:5c21c38e93af86ecf76f29606899cc64a6b91a7374f4e60ea14602d59768e353",
                "sha256:95dac8ccf9213fbe1604c294d8184885133e03dc5b42e465b90e7e624e71b56c"
            ],
            "markers": "python_version ~= '3.7'",
            "version": "==1.188.0"
        },
        "aws-cdk.aws-autoscaling-common": {
            "hashes": [
                "sha256:67b244387e283f620e64bba319cc4b45c19124f6a5a49dd542880484a70854d4",
                "sha256:bf42e26c499fc45adcf878138c22adb0b5932bd35797d365f50cca20c986df44"
            ],
            "markers": "python_version ~= '3.7'",
            "version": "==1.188.0"
        },
        "aws-cdk.aws-autoscaling-hooktargets": {
            "hashes": [
                "sha256:273a6d0f74c3f47d4b923f8a405226820f1003fa542d52b45ee1f47a3e566f67",
                "sha256:997f037bc17c882659de0b9f8abf8e550ea138598b246e5051a4f54c00a3ff89"
            ],
            "markers": "python_version ~= '3.7'",
            "version": "==1.188.0"
        },
        "aws-cdk.aws-certificatemanager": {
            "hashes": [
                "sha256:3f7d8f70c7613521e5c31bc343c60e52045952b5cffec81abd7ce6e9f40e771e",
                "sha256:b3cd7ed32a39d35ced2bfe93cbdf7e1fd0d8a38721bc75e8b7e8aca15dc022ad"
            ],
            "markers": "python_version ~= '3.7'",
            "version": "==1.188.0"
        },
        "aws-cdk.aws-cloudformation": {
            "hashes": [
                "sha256:01224fb705720f1001aaaf577b8168d92d14c7f9b23b50df318683a451533830",
                "sha256:9cc52e0db67abe1ef4118fc519e26736213a5322181c3000fefd8acc8c193acc"
            ],
            "markers": "python_version ~= '3.7'",
            "version": "==1.188.0"
        },
        "aws-cdk.aws-cloudfront": {
            "hashes": [
                "sha256:06b9e1b12a5b73cdd977f101db71b1e70da2d62a2bf7e2acbc957f8b90e6c541",
                "sha256:9094f2df01e692234fdbc8778d1215aa491cbe1e41468e14e8455827b5aed772"
            ],
            "markers": "python_version ~= '3.7'",
            "version": "==1.188.0"
        },
        "aws-cdk.aws-cloudwatch": {
            "hashes": [
                "sha256:9e95c39af5eead670efecf5db2b782ddde13d6bc0d230717e9fd0ed4835f2994",
                "sha256:9ef48432b2690ca5cc015901c0d64339bbd97b6f34b08c020a8f653ff8c8d0f1"
            ],
            "markers": "python_version ~= '3.7'",
            "version": "==1.188.0"
        },
        "aws-cdk.aws-codebuild": {
            "hashes": [
                "sha256:bb5c4e240ff83c499df246fda3bab00bfcbaf60b5e1e699a7bc3a1aab43bbe23",
                "sha256:ee6dc1d3f283d44739451de22c257bfc63119e6107a99d2675495c39886be660"
            ],
            "markers": "python_version ~= '3.7'",
            "version": "==1.188.0"
        },
        "aws-cdk.aws-codecommit": {
            "hashes": [
                "sha256:5f902dcf3b8acd5d1295d8c7ae9644dd3ff732e18d5d8f9bc49318835114aaea",
                "sha256:bbc6a031cf0f982bd1a2c30e912f8f1ccf7acd77199cc1f097253ec982b5e9cd"
            ],
            "markers": "python_version ~= '3.7'",
            "version": "==1.188.0"
        },
        "aws-cdk.aws-codeguruprofiler": {
            "hashes": [
                "sha256:4638ffbeaf47bbd5e13b82483c28a98c3f91dcc521230e2b2e8da502231b9742",
                "sha256:c62ed9cf3529c693a7bee4df4d035d97e808edd54befad201b66f9143ba74e7b"
            ],
            "markers": "python_version ~= '3.7'",
            "version": "==1.188.0"
        },
        "aws-cdk.aws-codepipeline": {
            "hashes": [
                "sha256:6ec5a9f2c0bb5f043dc0287592b8ac3b2673edd4851437a1b39b4e2f01e40d90",
                "sha256:762e5330ab2e64e0e64e7712efcf7a5a1cbe4b5bbb48f5ab7a1381e9e19e1685"
            ],
            "markers": "python_version ~= '3.7'",
            "version": "==1.188.0"
        },
        "aws-cdk.aws-codestarnotifications": {
            "hashes": [
                "sha256:75417bad67d78536bed18409288d796aea9d6c6a360bee0a5bfc932ecc0805e4",
                "sha256:c83452bc17fdcca95cca27478c2d154f39cd068e1a1c8d1e4adb9704cdf3ec90"
            ],
            "markers": "python_version ~= '3.7'",
            "version": "==1.188.0"
        },
        "aws-cdk.aws-cognito": {
            "hashes": [
                "sha256:112e39b41594326bef014f35d8622102135d32355d7f8c9120522a24d5da738d",
                "sha256:26b67364b903f7ee810cb8d52c69de47f8ffbbea787da96a8f8c3de4c6b9f518"
            ],
            "markers": "python_version ~= '3.7'",
            "version": "==1.188.0"
        },
        "aws-cdk.aws-ec2": {
            "hashes": [
                "sha256:7d64569c8dbbbe23a2b320147e5d936d50442339ebc59813dee5febdb664657e",
                "sha256:c12b439cb5ea81d3ef94f0333190e0e8ed72c2bcb74d2730fe132333a22e5ae3"
            ],
            "markers": "python_version ~= '3.7'",
            "version": "==1.188.0"
        },
        "aws-cdk.aws-ecr": {
            "hashes": [
                "sha256:25154a9f2bff2e12eeb93e7e54bf6eddeb191744636ed24343d022c00e0baec3",
                "sha256:7041b0f63ef7f2f07235a86d476a8d0b6b2ddc9f5f2ba0d189c36779c3619f8d"
            ],
            "markers": "python_version ~= '3.7'",
            "version": "==1.188.0"
        },
        "aws-cdk.aws-ecr-assets": {
            "hashes": [
                "sha256:099214d5a88f987b48bc2d3327825a92d25fa5aea5112abc1aec532f9669a0d2",
                "sha256:3e6f901974287e7ef3a698270079ece0d45c818b1942da34abece7328aceaf41"
            ],
            "markers": "python_version ~= '3.7'",
            "version": "==1.188.0"
        },
        "aws-cdk.aws-ecs": {
            "hashes": [
                "sha256:5fea862a4201d2a4394d9bf9abe213cbf3f6215876968faad02e5144ba569a2c",
                "sha256:8bf84ec67c5fdafafea7ab8fa84bd2ad54bca26ea234a85aa9191f25c166cc6d"
            ],
            "markers": "python_version ~= '3.7'",
            "version": "==1.188.0"
        },
        "aws-cdk.aws-efs": {
            "hashes": [
                "sha256:60aaa3058175ee87efd70942c8c518bc571fb25ffc91d864bc2c4506f576be3a",
                "sha256:7121c3bbc5e5ec4423337a97f92c2e5f5f6e0af0a0145f9a8d1eeb17ea4d126b"
            ],
            "markers": "python_version ~= '3.7'",
            "version": "==1.188.0"
        },
        "aws-cdk.aws-elasticloadbalancing": {
            "hashes": [
                "sha256:a1e5c8efe4acfcdb89f3fb90cc5eea209fcc155dce2532a5c2abc24aa23b6b61",
                "sha256:ae913dae4079cae7546a0b4ffb0d51f6a8c8cff623934169053adfb6dfd3b2b0"
            ],
            "markers": "python_version ~= '3.7'",
            "version": "==1.188.0"
        },
        "aws-cdk.aws-elasticloadbalancingv2": {
            "hashes": [
                "sha256:2b9226df0f2a5f70430d61f39f2bb915dead3b1b0a1c7fe476be910285938fbc",
                "sha256:4fab4cc39e33de5d3fa6dfb7b5459b66773988b683b848595fab13f020f95fb0"
            ],
            "markers": "python_version ~= '3.7'",
            "version": "==1.188.0"
        },
        "aws-cdk.aws-events": {
            "hashes": [
                "sha256:2c02b732bbc57a9dbd1aef272b446611812fb64347e517b560a2bb0e4851a8a8",
                "sha256:85233bed4d24e4bd40940b178e77291ef820f3e0503ca7ebaccef489141636e6"
            ],
            "index": "pypi",
            "version": "==1.188.0"
        },
        "aws-cdk.aws-events-targets": {
            "hashes": [
                "sha256:82a7be32b1c42dd718d9e116ce510f63358e11bd40b2959e7c169415d040591a",
                "sha256:fd9996aaef195f9574570958c283c398a45f7a193f3c27fa0018156a6ab8774d"
            ],
            "index": "pypi",
            "version": "==1.188.0"
        },
        "aws-cdk.aws-globalaccelerator": {
            "hashes": [
                "sha256:43e485b3e869cc251d4ed0ff2e4f265327ce1e6c67ca4e9de9d3a1027c85f87a",
                "sha256:a9121c3dc97b5dd246e6def17eb0714cd156e82af412a2fcb5c6a70304bcb284"
            ],
            "markers": "python_version ~= '3.7'",
            "version": "==1.188.0"
        },
        "aws-cdk.aws-iam": {
            "hashes": [
                "sha256:9085698043d06cec19388c258d9a747b13e3c0f749c739aa1f66371a8ca7003e",
                "sha256:bd1f33c29b2f602ac70fdd509701447960c0d49cb1b3c627b7a79462a5f3f4af"
            ],
            "markers": "python_version ~= '3.7'",
            "version": "==1.188.0"
        },
        "aws-cdk.aws-imagebuilder": {
            "hashes": [
                "sha256:48d39ec55c555e45c0eb2713739ba5b10b12761467725072358d770884c6b0df",
                "sha256:bde78aa1eea783b50a4a05c58f98151ec4e7a56b609e2c4fb1178006c1a80bc5"
            ],
            "index": "pypi",
            "version": "==1.188.0"
        },
        "aws-cdk.aws-kinesis": {
            "hashes": [
                "sha256:1717beb8b64b7713e63025699aaae2f4fefd09a627e670555393457935159ba3",
                "sha256:674972c983ba916799c6b13545e371da9a7a1f7b0281d62f8f8b38f4d9df8c7f"
            ],
            "markers": "python_version ~= '3.7'",
            "version": "==1.188.0"
        },
        "aws-cdk.aws-kinesisfirehose": {
            "hashes": [
                "sha256:8a005017d8fd39b03205c9ce08e8935060353854e82e0d14b0359bc6fc19d80b",
                "sha256:d6d15130953385887ecd8cb3f28eed373bf866715402763335bef0b48800df7e"
            ],
            "markers": "python_version ~= '3.7'",
            "version": "==1.188.0"
        },
        "aws-cdk.aws-kms": {
            "hashes": [
                "sha256:1bc200ace9bd4897f89af392397f1b105f763a78435fe5916540881663321070",
                "sha256:3df566e3d901f5aedd4a4bb9a213b6a3f94fccb828efa86a2f105e20041abc24"
            ],
            "markers": "python_version ~= '3.7'",
            "version": "==1.188.0"
        },
        "aws-cdk.aws-lambda": {
            "hashes": [
                "sha256:2579436bb9d98089b33377324eed67e62a7974c75a48aa64c208d8a3051dece6",
                "sha256:b16104e93ddd9b0995c4713aae17edbf40cb2aa7dbaeabae9a4d0d2c6d42cbd2"
            ],
            "index": "pypi",
            "version": "==1.188.0"
        },
        "aws-cdk.aws-lambda-python": {
            "hashes": [
                "sha256:c72ff7b77d4b3b3c56120997b1b170852d67283898478a1febe7f1a298851e86",
                "sha256:e34a47a56324189509a0daee488bc6b153f78a25d528a3b932d4ba14095d5743"
            ],
            "index": "pypi",
            "version": "==1.188.0"
        },
        "aws-cdk.aws-logs": {
            "hashes": [
                "sha256:45a5cfd4deec76fd01d4cfed51b66938ee43360fc9ee0e4074bdb3df4d9d22de",
                "sha256:d11c00c04d0a9546f9acec7db9797644359cbfb5206e05c0a4a59ae5a85235c1"
            ],
            "markers": "python_version ~= '3.7'",
            "version": "==1.188.0"
        },
        "aws-cdk.aws-route53": {
            "hashes": [
                "sha256:e152590761142926faee452038ab9d2a8786942933f75c9391109fa6ecdfe2f9",
                "sha256:f4189c560d2e01b0394fa45d94e817f83693e6ff6adb9ca151d59067125a9923"
            ],
            "markers": "python_version ~= '3.7'",
            "version": "==1.188.0"
        },
        "aws-cdk.aws-route53-targets": {
            "hashes": [
                "sha256:31e8b78739b35b4aadbd30480ead28345dcf08c6efe1e35fdb7d962213f8f677",
                "sha256:ca584763fa1817bed8855c5c36b6bfc61b369c7eeed01b23ccce4e0edeeb2f8f"
            ],
            "markers": "python_version ~= '3.7'",
            "version": "==1.188.0"
        },
        "aws-cdk.aws-s3": {
            "hashes": [
                "sha256:dbaa7a2fbcbb817635fc2a380805619754f01bebe889d7ec14854400fc5558c7",
                "sha256:e9601dc429a68fd8514095bd1b813c0bb4a914f374d509d6078c98569a66cde7"
            ],
            "markers": "python_version ~= '3.7'",
            "version": "==1.188.0"
        },
        "aws-cdk.aws-s3-assets": {
            "hashes": [
                "sha256:1c3dd7d8a0507f81911aa77ef034e53cc7d5e0b68d6b995132b9b4d88d685d5f",
                "sha256:4df9d23b52b62297d8d3acde837da809df401bb81fecbff1f53f6405691fa5e5"
            ],
            "markers": "python_version ~= '3.7'",
            "version": "==1.188.0"
        },
        "aws-cdk.aws-sam": {
            "hashes": [
                "sha256:3374960b16b08130eb26be949ab9143732e11e3cec0025d68296f6a7497cd2fa",
                "sha256:d96e220fd76a5ad576548d8845207ea9f8ce6bf4fb7e511d779b5ec152d06220"
            ],
            "markers": "python_version ~= '3.7'",
            "version": "==1.188.0"
        },
        "aws-cdk.aws-secretsmanager": {
            "hashes": [
                "sha256:be5aa4691e0db1b35cbcad63e7fa61ab26033434872a240a53d46c64e81ae283",
                "sha256:bf21dcb20b6c1d011c7ac180a8b7e73cfc27a33b021f989ddd4586e418867372"
            ],
            "markers": "python_version ~= '3.7'",
            "version": "==1.188.0"
        },
        "aws-cdk.aws-servicediscovery": {
            "hashes": [
                "sha256:56303ef9f5558b716bdfc64fdeaf9e795cee468ad8ecf77e31ea10d78e7f1014",
                "sha256:72b92cfe77dedf5c33ef1d2b09e665d955b6cfe488eb6bcd2d577baea1523366"
            ],
            "markers": "python_version ~= '3.7'",
            "version": "==1.188.0"
        },
        "aws-cdk.aws-signer": {
            "hashes": [
                "sha256:2e8357a3d0e5be97a3aac766ce9b7932cd47242ed52c3789653ab0deb2eca685",
                "sha256:f040c4ed0a469914365f60a522f391259646131663414e4f964df3fd5f4148e5"
            ],
            "markers": "python_version ~= '3.7'",
            "version": "==1.188.0"
        },
        "aws-cdk.aws-sns": {
            "hashes": [
                "sha256:1e7edf59d710e6e0df5d64cd82ead047ad56dc2dbdd84d817b7fd14f813e2f16",
                "sha256:c15888f9b7e3bd7cac7bb2a2ebbd277f60cc4733bd5f018482f7068d028f57bd"
            ],
            "index": "pypi",
            "version": "==1.188.0"
        },
        "aws-cdk.aws-sns-subscriptions": {
            "hashes": [
                "sha256:3b9dd8c6cb0b55a058feec961f24b264f4f63cdde7b637561b754532f9e76269",
                "sha256:ef922a56f2828a89160e2c69f785fa1ddc8b8eb3efb4af0292ec3a1104e7f195"
            ],
            "markers": "python_version ~= '3.7'",
            "version": "==1.188.0"
        },
        "aws-cdk.aws-sqs": {
            "hashes": [
                "sha256:5088a695af380489c9742e46272cd4a2a5c8349c5391c3390faad795972061b8",
                "sha256:8d893fe656269ecfecf71c8eb0c75b8fb78978a6664d4076a7ad0796a333f3b3"
            ],
            "markers": "python_version ~= '3.7'",
            "version": "==1.188.0"
        },
        "aws-cdk.aws-ssm": {
            "hashes": [
                "sha256:a3323c32e8e091a3defac0f097a94fa20be95741e2a577a9a6a4b580c40fa4e8",
                "sha256:b1843e031d9c904cb256fabf8162b89d3c5859dbaf2b08c79b9b80badfccf2f2"
            ],
            "markers": "python_version ~= '3.7'",
            "version": "==1.188.0"
        },
        "aws-cdk.aws-stepfunctions": {
            "hashes": [
                "sha256:b8e81fa99947ac92f6602fd648bc62bbfb38b5c8c5ac8946359ac3d998bc67c4",
                "sha256:e2d7360c76b389cf4c15600c714b78b2336f5573e5bb93c90f3e55b88a017222"
            ],
            "markers": "python_version ~= '3.7'",
            "version": "==1.188.0"
        },
        "aws-cdk.cloud-assembly-schema": {
            "hashes": [
                "sha256:2d36c96504eb2f1025dfc0cc34614383ed82d01188a50dd69bf076367345fe54",
                "sha256:e30772e34254801d0c8445a4e24f2277c41ef580a9f0ddfbbac0a955015ff765"
            ],
            "markers": "python_version ~= '3.7'",
            "version": "==1.188.0"
        },
        "aws-cdk.core": {
            "hashes": [
                "sha256:375be1603158b26b4309c0a388cb7706a4c2146419d7fa7331eed564462e96ee",
                "sha256:c201e2891921d7751eaabab16f91cd85f3435dabb2ba424d1eff5a9311b8d413"
            ],
            "index": "pypi",
            "version": "==1.188.0"
        },
        "aws-cdk.custom-resources": {
            "hashes": [
                "sha256:0f1143fbd307c3f8d5ba15a9c4ce4e20ff36d4bd04714ce55208c3c486bbd1f1",
                "sha256:835403d4ce98c7559d69abacf581473c8b24762ea2876f9ca781e464d7971e56"
            ],
            "markers": "python_version ~= '3.7'",
            "version": "==1.188.0"
        },
        "aws-cdk.cx-api": {
            "hashes": [
                "sha256:31cbc7a4869eb6b3a389cdf570c8014c9a0eac23af716f9f9bffcbef97e5ed50",
                "sha256:64ad289be3d15300f148a780c1349162483400e43f90346bfa102029de712e07"
            ],
            "markers": "python_version ~= '3.7'",
            "version": "==1.188.0"
        },
        "aws-cdk.region-info": {
            "hashes": [
                "sha256:6d89312a3c5d44934a91e1ba6ee034ee28b775da190dbf2713252d7a9ef7ec7f",
                "sha256:bd7c820df5f71ee7d7d6bde4af0adfcd2b2a4a9b76d808056e0b5fadca154cdf"
            ],
            "markers": "python_version ~= '3.7'",
            "version": "==1.188.0"
        },
        "cattrs": {
            "hashes": [
                "sha256:bc12b1f0d000b9f9bee83335887d532a1d3e99a833d1bf0882151c97d3e68c21",
                "sha256:f0eed5642399423cf656e7b66ce92cdc5b963ecafd041d1b24d136fdde7acf6d"
            ],
            "markers": "python_version >= '3.7'",
            "version": "==22.2.0"
        },
        "certifi": {
            "hashes": [
                "sha256:35824b4c3a97115964b408844d64aa14db1cc518f6562e8d7261699d1350a9e3",
                "sha256:4ad3232f5e926d6718ec31cfc1fcadfde020920e278684144551c91769c7bc18"
            ],
            "index": "pypi",
            "version": "==2022.12.07"
        },
        "constructs": {
            "hashes": [
                "sha256:42832fe1d06ffccc4e207817688fbd1a5ad22714bd1ab2ea21fac84a213e9e92",
                "sha256:8404264d59b2bfbbf63281e3725b4a15101aa54bbd04a94a464beec106d9a6d3"
            ],
            "markers": "python_version ~= '3.7'",
            "version": "==3.4.217"
        },
        "exceptiongroup": {
            "hashes": [
                "sha256:327cbda3da756e2de031a3107b81ab7b3770a602c4d16ca618298c526f4bec1e",
                "sha256:bcb67d800a4497e1b404c2dd44fca47d3b7a5e5433dbab67f96c1a685cdfdf23"
            ],
            "markers": "python_version < '3.11'",
            "version": "==1.1.0"
        },
        "jsii": {
            "hashes": [
                "sha256:13e8496c3afee70d85401ad1eef2ddedbdb88e7e7abb3e68302dd6e61527191e",
                "sha256:be6458236e787be0b02c2fe869b6f4ed906398b6cc537190d61a60d2b5c9dfbb"
            ],
            "markers": "python_version ~= '3.7'",
            "version": "==1.73.0"
        },
        "publication": {
            "hashes": [
                "sha256:0248885351febc11d8a1098d5c8e3ab2dabcf3e8c0c96db1e17ecd12b53afbe6",
                "sha256:68416a0de76dddcdd2930d1c8ef853a743cc96c82416c4e4d3b5d901c6276dc4"
            ],
            "version": "==0.0.3"
        },
        "python-dateutil": {
            "hashes": [
                "sha256:0123cacc1627ae19ddf3c27a5de5bd67ee4586fbdd6440d9748f8abb483d3e86",
                "sha256:961d03dc3453ebbc59dbdea9e4e11c5651520a876d0f4db161e8674aae935da9"
            ],
            "markers": "python_version >= '2.7' and python_version not in '3.0, 3.1, 3.2'",
            "version": "==2.8.2"
        },
        "pyyaml": {
            "hashes": [
                "sha256:01b45c0191e6d66c470b6cf1b9531a771a83c1c4208272ead47a3ae4f2f603bf",
                "sha256:0283c35a6a9fbf047493e3a0ce8d79ef5030852c51e9d911a27badfde0605293",
                "sha256:055d937d65826939cb044fc8c9b08889e8c743fdc6a32b33e2390f66013e449b",
                "sha256:07751360502caac1c067a8132d150cf3d61339af5691fe9e87803040dbc5db57",
                "sha256:0b4624f379dab24d3725ffde76559cff63d9ec94e1736b556dacdfebe5ab6d4b",
                "sha256:0ce82d761c532fe4ec3f87fc45688bdd3a4c1dc5e0b4a19814b9009a29baefd4",
                "sha256:1e4747bc279b4f613a09eb64bba2ba602d8a6664c6ce6396a4d0cd413a50ce07",
                "sha256:213c60cd50106436cc818accf5baa1aba61c0189ff610f64f4a3e8c6726218ba",
                "sha256:231710d57adfd809ef5d34183b8ed1eeae3f76459c18fb4a0b373ad56bedcdd9",
                "sha256:277a0ef2981ca40581a47093e9e2d13b3f1fbbeffae064c1d21bfceba2030287",
                "sha256:2cd5df3de48857ed0544b34e2d40e9fac445930039f3cfe4bcc592a1f836d513",
                "sha256:40527857252b61eacd1d9af500c3337ba8deb8fc298940291486c465c8b46ec0",
                "sha256:432557aa2c09802be39460360ddffd48156e30721f5e8d917f01d31694216782",
                "sha256:473f9edb243cb1935ab5a084eb238d842fb8f404ed2193a915d1784b5a6b5fc0",
                "sha256:48c346915c114f5fdb3ead70312bd042a953a8ce5c7106d5bfb1a5254e47da92",
                "sha256:50602afada6d6cbfad699b0c7bb50d5ccffa7e46a3d738092afddc1f9758427f",
                "sha256:68fb519c14306fec9720a2a5b45bc9f0c8d1b9c72adf45c37baedfcd949c35a2",
                "sha256:77f396e6ef4c73fdc33a9157446466f1cff553d979bd00ecb64385760c6babdc",
                "sha256:81957921f441d50af23654aa6c5e5eaf9b06aba7f0a19c18a538dc7ef291c5a1",
                "sha256:819b3830a1543db06c4d4b865e70ded25be52a2e0631ccd2f6a47a2822f2fd7c",
                "sha256:897b80890765f037df3403d22bab41627ca8811ae55e9a722fd0392850ec4d86",
                "sha256:98c4d36e99714e55cfbaaee6dd5badbc9a1ec339ebfc3b1f52e293aee6bb71a4",
                "sha256:9df7ed3b3d2e0ecfe09e14741b857df43adb5a3ddadc919a2d94fbdf78fea53c",
                "sha256:9fa600030013c4de8165339db93d182b9431076eb98eb40ee068700c9c813e34",
                "sha256:a80a78046a72361de73f8f395f1f1e49f956c6be882eed58505a15f3e430962b",
                "sha256:afa17f5bc4d1b10afd4466fd3a44dc0e245382deca5b3c353d8b757f9e3ecb8d",
                "sha256:b3d267842bf12586ba6c734f89d1f5b871df0273157918b0ccefa29deb05c21c",
                "sha256:b5b9eccad747aabaaffbc6064800670f0c297e52c12754eb1d976c57e4f74dcb",
                "sha256:bfaef573a63ba8923503d27530362590ff4f576c626d86a9fed95822a8255fd7",
                "sha256:c5687b8d43cf58545ade1fe3e055f70eac7a5a1a0bf42824308d868289a95737",
                "sha256:cba8c411ef271aa037d7357a2bc8f9ee8b58b9965831d9e51baf703280dc73d3",
                "sha256:d15a181d1ecd0d4270dc32edb46f7cb7733c7c508857278d3d378d14d606db2d",
                "sha256:d4b0ba9512519522b118090257be113b9468d804b19d63c71dbcf4a48fa32358",
                "sha256:d4db7c7aef085872ef65a8fd7d6d09a14ae91f691dec3e87ee5ee0539d516f53",
                "sha256:d4eccecf9adf6fbcc6861a38015c2a64f38b9d94838ac1810a9023a0609e1b78",
                "sha256:d67d839ede4ed1b28a4e8909735fc992a923cdb84e618544973d7dfc71540803",
                "sha256:daf496c58a8c52083df09b80c860005194014c3698698d1a57cbcfa182142a3a",
                "sha256:dbad0e9d368bb989f4515da330b88a057617d16b6a8245084f1b05400f24609f",
                "sha256:e61ceaab6f49fb8bdfaa0f92c4b57bcfbea54c09277b1b4f7ac376bfb7a7c174",
                "sha256:f84fbc98b019fef2ee9a1cb3ce93e3187a6df0b2538a651bfb890254ba9f90b5"
            ],
            "index": "pypi",
            "version": "==6.0"
        },
        "six": {
            "hashes": [
                "sha256:1e61c37477a1626458e36f7b1d82aa5c9b094fa4802892072e49de9c60c4c926",
                "sha256:8abb2f1d86890a2dfb989f9a77cfcfd3e47c2a354b01111771326f8aa26e0254"
            ],
            "markers": "python_version >= '2.7' and python_version not in '3.0, 3.1, 3.2'",
            "version": "==1.16.0"
        },
        "typeguard": {
            "hashes": [
                "sha256:00edaa8da3a133674796cf5ea87d9f4b4c367d77476e185e80251cc13dfbb8c4",
                "sha256:5e3e3be01e887e7eafae5af63d1f36c849aaa94e3a0112097312aabfa16284f1"
            ],
            "markers": "python_full_version >= '3.5.3'",
            "version": "==2.13.3"
        },
        "typing-extensions": {
            "hashes": [
                "sha256:1511434bb92bf8dd198c12b1cc812e800d4181cfcb867674e0f8279cc93087aa",
                "sha256:16fa4864408f655d35ec496218b85f79b3437c829e93320c7c9215ccfd92489e"
            ],
            "markers": "python_version >= '3.7'",
            "version": "==4.4.0"
        }
    },
    "develop": {
        "asttokens": {
            "hashes": [
                "sha256:4622110b2a6f30b77e1473affaa97e711bc2f07d3f10848420ff1898edbe94f3",
                "sha256:6b0ac9e93fb0335014d382b8fa9b3afa7df546984258005da0b9e7095b3deb1c"
            ],
            "version": "==2.2.1"
        },
        "backcall": {
            "hashes": [
                "sha256:5cbdbf27be5e7cfadb448baf0aa95508f91f2bbc6c6437cd9cd06e2a4c215e1e",
                "sha256:fbbce6a29f263178a1f7915c1940bde0ec2b2a967566fe1c65c1dfb7422bd255"
            ],
            "version": "==0.2.0"
        },
        "black": {
            "hashes": [
                "sha256:101c69b23df9b44247bd88e1d7e90154336ac4992502d4197bdac35dd7ee3320",
                "sha256:159a46a4947f73387b4d83e87ea006dbb2337eab6c879620a3ba52699b1f4351",
                "sha256:1f58cbe16dfe8c12b7434e50ff889fa479072096d79f0a7f25e4ab8e94cd8350",
                "sha256:229351e5a18ca30f447bf724d007f890f97e13af070bb6ad4c0a441cd7596a2f",
                "sha256:436cc9167dd28040ad90d3b404aec22cedf24a6e4d7de221bec2730ec0c97bcf",
                "sha256:559c7a1ba9a006226f09e4916060982fd27334ae1998e7a38b3f33a37f7a2148",
                "sha256:7412e75863aa5c5411886804678b7d083c7c28421210180d67dfd8cf1221e1f4",
                "sha256:77d86c9f3db9b1bf6761244bc0b3572a546f5fe37917a044e02f3166d5aafa7d",
                "sha256:82d9fe8fee3401e02e79767016b4907820a7dc28d70d137eb397b92ef3cc5bfc",
                "sha256:9eedd20838bd5d75b80c9f5487dbcb06836a43833a37846cf1d8c1cc01cef59d",
                "sha256:c116eed0efb9ff870ded8b62fe9f28dd61ef6e9ddd28d83d7d264a38417dcee2",
                "sha256:d30b212bffeb1e252b31dd269dfae69dd17e06d92b87ad26e23890f3efea366f"
            ],
            "index": "pypi",
            "version": "==22.12.0"
        },
        "click": {
            "hashes": [
                "sha256:7682dc8afb30297001674575ea00d1814d808d6a36af415a82bd481d37ba7b8e",
                "sha256:bb4d8133cb15a609f44e8213d9b391b0809795062913b383c62be0ee95b1db48"
            ],
            "markers": "python_version >= '3.7'",
            "version": "==8.1.3"
        },
        "decorator": {
            "hashes": [
                "sha256:637996211036b6385ef91435e4fae22989472f9d571faba8927ba8253acbc330",
                "sha256:b8c3f85900b9dc423225913c5aace94729fe1fa9763b38939a95226f02d37186"
            ],
            "markers": "python_version > '3.6' and python_version < '3.11'",
            "version": "==5.1.1"
        },
        "executing": {
            "hashes": [
                "sha256:0314a69e37426e3608aada02473b4161d4caf5a4b244d1d0c48072b8fee7bacc",
                "sha256:19da64c18d2d851112f09c287f8d3dbbdf725ab0e569077efb6cdcbd3497c107"
            ],
            "version": "==1.2.0"
        },
        "ipdb": {
            "hashes": [
                "sha256:c23b6736f01fd4586cc2ecbebdf79a5eb454796853e1cd8f2ed3b7b91d4a3e93",
                "sha256:f74c2f741c18b909eaf89f19fde973f745ac721744aa1465888ce45813b63a9c"
            ],
            "index": "pypi",
            "version": "==0.13.11"
        },
        "ipython": {
            "hashes": [
                "sha256:da01e6df1501e6e7c32b5084212ddadd4ee2471602e2cf3e0190f4de6b0ea481",
                "sha256:f3bf2c08505ad2c3f4ed5c46ae0331a8547d36bf4b21a451e8ae80c0791db95b"
            ],
            "markers": "python_version > '3.6' and python_version < '3.11'",
            "version": "==8.8.0"
        },
        "isort": {
            "extras": [
                "pipfile_deprecated_finder"
            ],
            "hashes": [
                "sha256:6db30c5ded9815d813932c04c2f85a360bcdd35fed496f4d8f35495ef0a261b6",
                "sha256:c033fd0edb91000a7f09527fe5c75321878f98322a77ddcc81adbd83724afb7b"
            ],
            "index": "pypi",
            "version": "==5.11.4"
        },
        "jedi": {
            "hashes": [
                "sha256:203c1fd9d969ab8f2119ec0a3342e0b49910045abe6af0a3ae83a5764d54639e",
                "sha256:bae794c30d07f6d910d32a7048af09b5a39ed740918da923c6b780790ebac612"
            ],
            "markers": "python_version >= '3.6'",
            "version": "==0.18.2"
        },
        "matplotlib-inline": {
            "hashes": [
                "sha256:f1f41aab5328aa5aaea9b16d083b128102f8712542f819fe7e6a420ff581b311",
                "sha256:f887e5f10ba98e8d2b150ddcf4702c1e5f8b3a20005eb0f74bfdbd360ee6f304"
            ],
            "markers": "python_version >= '3.5'",
            "version": "==0.1.6"
        },
        "mypy-extensions": {
            "hashes": [
                "sha256:090fedd75945a69ae91ce1303b5824f428daf5a028d2f6ab8a299250a846f15d",
                "sha256:2d82818f5bb3e369420cb3c4060a7970edba416647068eb4c5343488a6c604a8"
            ],
            "version": "==0.4.3"
        },
        "parso": {
            "hashes": [
                "sha256:8c07be290bb59f03588915921e29e8a50002acaf2cdc5fa0e0114f91709fafa0",
                "sha256:c001d4636cd3aecdaf33cbb40aebb59b094be2a74c556778ef5576c175e19e75"
            ],
            "markers": "python_version >= '3.6'",
            "version": "==0.8.3"
        },
        "pathspec": {
            "hashes": [
                "sha256:3c95343af8b756205e2aba76e843ba9520a24dd84f68c22b9f93251507509dd6",
                "sha256:56200de4077d9d0791465aa9095a01d421861e405b5096955051deefd697d6f6"
            ],
            "markers": "python_version >= '3.7'",
            "version": "==0.10.3"
        },
        "pexpect": {
            "hashes": [
                "sha256:0b48a55dcb3c05f3329815901ea4fc1537514d6ba867a152b581d69ae3710937",
                "sha256:fc65a43959d153d0114afe13997d439c22823a27cefceb5ff35c2178c6784c0c"
            ],
            "markers": "sys_platform != 'win32'",
            "version": "==4.8.0"
        },
        "pickleshare": {
            "hashes": [
                "sha256:87683d47965c1da65cdacaf31c8441d12b8044cdec9aca500cd78fc2c683afca",
                "sha256:9649af414d74d4df115d5d718f82acb59c9d418196b7b4290ed47a12ce62df56"
            ],
            "version": "==0.7.5"
        },
        "platformdirs": {
            "hashes": [
                "sha256:83c8f6d04389165de7c9b6f0c682439697887bca0aa2f1c87ef1826be3584490",
                "sha256:e1fea1fe471b9ff8332e229df3cb7de4f53eeea4998d3b6bfff542115e998bd2"
            ],
            "markers": "python_version >= '3.7'",
            "version": "==2.6.2"
        },
        "prompt-toolkit": {
            "hashes": [
                "sha256:3e163f254bef5a03b146397d7c1963bd3e2812f0964bb9a24e6ec761fd28db63",
                "sha256:aa64ad242a462c5ff0363a7b9cfe696c20d55d9fc60c11fd8e632d064804d305"
            ],
            "markers": "python_full_version >= '3.6.2'",
            "version": "==3.0.36"
        },
        "ptyprocess": {
            "hashes": [
                "sha256:4b41f3967fce3af57cc7e94b888626c18bf37a083e3651ca8feeb66d492fef35",
                "sha256:5c5d0a3b48ceee0b48485e0c26037c0acd7d29765ca3fbb5cb3831d347423220"
            ],
            "version": "==0.7.0"
        },
        "pure-eval": {
            "hashes": [
                "sha256:01eaab343580944bc56080ebe0a674b39ec44a945e6d09ba7db3cb8cec289350",
                "sha256:2b45320af6dfaa1750f543d714b6d1c520a1688dec6fd24d339063ce0aaa9ac3"
            ],
            "version": "==0.2.2"
        },
        "pygments": {
            "hashes": [
                "sha256:b3ed06a9e8ac9a9aae5a6f5dbe78a8a58655d17b43b93c078f094ddc476ae297",
                "sha256:fa7bd7bd2771287c0de303af8bfdfc731f51bd2c6a47ab69d117138893b82717"
            ],
            "markers": "python_version >= '3.6'",
            "version": "==2.14.0"
        },
        "six": {
            "hashes": [
                "sha256:1e61c37477a1626458e36f7b1d82aa5c9b094fa4802892072e49de9c60c4c926",
                "sha256:8abb2f1d86890a2dfb989f9a77cfcfd3e47c2a354b01111771326f8aa26e0254"
            ],
            "markers": "python_version >= '2.7' and python_version not in '3.0, 3.1, 3.2'",
            "version": "==1.16.0"
        },
        "stack-data": {
            "hashes": [
                "sha256:32d2dd0376772d01b6cb9fc996f3c8b57a357089dec328ed4b6553d037eaf815",
                "sha256:cbb2a53eb64e5785878201a97ed7c7b94883f48b87bfb0bbe8b623c74679e4a8"
            ],
            "version": "==0.6.2"
        },
        "tomli": {
            "hashes": [
                "sha256:939de3e7a6161af0c887ef91b7d41a53e7c5a1ca976325f429cb46ea9bc30ecc",
                "sha256:de526c12914f0c550d15924c62d72abc48d6fe7364aa87328337a31007fe8a4f"
            ],
            "markers": "python_full_version < '3.11.0a7'",
            "version": "==2.0.1"
        },
        "traitlets": {
            "hashes": [
                "sha256:32500888f5ff7bbf3b9267ea31748fa657aaf34d56d85e60f91dda7dc7f5785b",
                "sha256:a1ca5df6414f8b5760f7c5f256e326ee21b581742114545b462b35ffe3f04861"
            ],
            "markers": "python_version >= '3.7'",
            "version": "==5.8.1"
        },
        "wcwidth": {
            "hashes": [
                "sha256:795b138f6875577cd91bba52baf9e445cd5118fd32723b460e30a0af30ea230e",
                "sha256:a5220780a404dbe3353789870978e472cfe477761f06ee55077256e509b156d0"
            ],
            "version": "==0.2.6"
        }
    }
}
