{
    "_meta": {
        "hash": {
            "sha256": "5794bdcda8687045e065b90ac0749d2b32ac42dcd31c7c93b4905079e178f5af"
        },
        "pipfile-spec": 6,
        "requires": {
            "python_version": "3.10"
        },
        "sources": [
            {
                "name": "pypi",
                "url": "https://pypi.org/simple",
                "verify_ssl": true
            }
        ]
    },
    "default": {
        "attrs": {
            "hashes": [
                "sha256:29adc2665447e5191d0e7c568fde78b21f9672d344281d0c6e1ab085429b22b6",
                "sha256:86efa402f67bf2df34f51a335487cf46b1ec130d02b8d39fd248abfd30da551c"
            ],
            "markers": "python_version >= '3.5'",
            "version": "==22.1.0"
        },
        "aws-cdk.assets": {
            "hashes": [
                "sha256:8ebd1fbfb9d2474858c5990f25839074a5747644bc31c0316a6be27b37d33cff",
                "sha256:91fee6ac501ee3d15dd6c8570485045f04bde91da827c2828df1b3693a792d06"
            ],
            "markers": "python_version ~= '3.7'",
            "version": "==1.181.1"
        },
        "aws-cdk.aws-acmpca": {
            "hashes": [
                "sha256:1a807bfbadbb7af26bbd68c89d77a4c7d2951ab3dffb432d9e39c15f672e679d",
                "sha256:6a0f430a41ca59ae30326762eaeb040e79577a324d3b9dd3b2d8f95f891dc773"
            ],
            "markers": "python_version ~= '3.7'",
            "version": "==1.181.1"
        },
        "aws-cdk.aws-apigateway": {
            "hashes": [
                "sha256:afce29294a92800ef445712ec9dd97d2465f960df8c139785ffb5118f65932f4",
                "sha256:f60ee50a120deb8556bb537484e2649478e3bd75dc556bb99daeb530b8236e86"
            ],
            "markers": "python_version ~= '3.7'",
            "version": "==1.181.1"
        },
        "aws-cdk.aws-applicationautoscaling": {
            "hashes": [
                "sha256:0b538fc0d269c75fdcbb1cd0539cf443f96259ddc562ba4dfb84840fab848725",
                "sha256:ef1bf6e7ee12a2057590b91f2752ae312de59b072718b575976ede3432eb7695"
            ],
            "markers": "python_version ~= '3.7'",
            "version": "==1.181.1"
        },
        "aws-cdk.aws-autoscaling": {
            "hashes": [
                "sha256:92a66d57bfa855577386b889bb78254d4393dacac411ebcb3fc328959d97bca7",
                "sha256:b5eae1a7b5acaaeea1f0b45a35c51308820454a06e336268ec313f270e1f33b3"
            ],
            "markers": "python_version ~= '3.7'",
            "version": "==1.181.1"
        },
        "aws-cdk.aws-autoscaling-common": {
            "hashes": [
                "sha256:3641becee2178aaf3ff41ab6b0f7f36ea9a35f1d0bbcdda254899ce989fd5e33",
                "sha256:4b7ea64f625edbc00a9ac92319ea57e50ebc21c3d643447686c48f88c2694abe"
            ],
            "markers": "python_version ~= '3.7'",
            "version": "==1.181.1"
        },
        "aws-cdk.aws-autoscaling-hooktargets": {
            "hashes": [
                "sha256:51a4113263fb923baad45de179e997dd6a222caf8b4c2f0e6f1d95c2f8076b1f",
                "sha256:d9056c2d45c5136a0d3581c9d0f7c4d036c0a83c267443c63d1e402b8db087c1"
            ],
            "markers": "python_version ~= '3.7'",
            "version": "==1.181.1"
        },
        "aws-cdk.aws-certificatemanager": {
            "hashes": [
                "sha256:2aabf69b8f5a8317e8e5798c720ca7bd4ba4b4d249b1002350bf8688e3d1d8cf",
                "sha256:d27dd46006c67710f7caf84016ce64dd9dc8bd024a9d258e39f991b1614b44e4"
            ],
            "markers": "python_version ~= '3.7'",
            "version": "==1.181.1"
        },
        "aws-cdk.aws-cloudformation": {
            "hashes": [
                "sha256:98ce2c5f103454657b0c5343304c0b4aae82110ab197a26364b7948b2954995c",
                "sha256:f5edf87992bb3e9a915b4a45f022d18e6256a3a8db4c312d8ff2ae0f31d87766"
            ],
            "markers": "python_version ~= '3.7'",
            "version": "==1.181.1"
        },
        "aws-cdk.aws-cloudfront": {
            "hashes": [
                "sha256:08963e00d5b2de7cd4cc57727b7e404027cad37b1850ca22ca9fecdd36188f97",
                "sha256:7ccb839cda6874b44e9f7059e3e57cc42eedfde8348098408ab306c77a5e6614"
            ],
            "markers": "python_version ~= '3.7'",
            "version": "==1.181.1"
        },
        "aws-cdk.aws-cloudwatch": {
            "hashes": [
                "sha256:210500d31ec8e247597573a232a9621e2b7f4700d87bd006d35dd65dead77e55",
                "sha256:b37ffa3ccb68dca0020dece7a16e8a64c423d233356a80d13a2c4d6c06b8de29"
            ],
            "markers": "python_version ~= '3.7'",
            "version": "==1.181.1"
        },
        "aws-cdk.aws-codebuild": {
            "hashes": [
                "sha256:67e321bc1738fa909f9ba84c9c7f43fbaf3c31713875ba49e6f70ebb5559e0df",
                "sha256:c7a90f748c3e25bebd22beda424194ebb69c2882ce5c87f7457aebd1e59c1737"
            ],
            "markers": "python_version ~= '3.7'",
            "version": "==1.181.1"
        },
        "aws-cdk.aws-codecommit": {
            "hashes": [
                "sha256:05d9a0929b81679ecc45130fba9d22668951982aa35e2ac5df2dc948e4b28a81",
                "sha256:347618ad9d6b46e8b4c225f3beb2318c41cb07abd178f839ba243bb010cb3713"
            ],
            "markers": "python_version ~= '3.7'",
            "version": "==1.181.1"
        },
        "aws-cdk.aws-codeguruprofiler": {
            "hashes": [
                "sha256:6febca524465ca5bd9380e63cfbc9f61fd9a350a99f04025b7df7ef5539d9953",
                "sha256:f7d2cb14f6dc4b53a7f150d8b78aadb340883037744a2f1568b05b57d5e28ff1"
            ],
            "markers": "python_version ~= '3.7'",
            "version": "==1.181.1"
        },
        "aws-cdk.aws-codepipeline": {
            "hashes": [
                "sha256:962b24cc964ede5b4c2cd11682e0bb5f3e3414c4a623b5a45616223436aebf56",
                "sha256:ae99b5b3d6d8c611316548258aaaef403ae7498ce620100347894232ddaa6208"
            ],
            "markers": "python_version ~= '3.7'",
            "version": "==1.181.1"
        },
        "aws-cdk.aws-codestarnotifications": {
            "hashes": [
                "sha256:d08d7c3d56aa3fe1e56fea7080e67aafe9855b5bcdcd4770bbfe0eb0c0de9c4a",
                "sha256:f873d39eb8038edb987a8f4effd679b8e9c7cfdd14fb78c8d1c0d62c15bced56"
            ],
            "markers": "python_version ~= '3.7'",
            "version": "==1.181.1"
        },
        "aws-cdk.aws-cognito": {
            "hashes": [
                "sha256:6f157fde17486e750b4baf7a7b4d09799977ed6475ff476b3091c14453e213cd",
                "sha256:990cf0b954ce9a7668327dfca1e30851b6e645e7fda17533b1f32a635f2ceab0"
            ],
            "markers": "python_version ~= '3.7'",
            "version": "==1.181.1"
        },
        "aws-cdk.aws-ec2": {
            "hashes": [
                "sha256:29ab44be210ddd23eb3d2ffa7bb2a8fda917e497d41f64d8b4d2f071dfe847ce",
                "sha256:516d407f2b685b8bcd1119bcab2296c5bbbbc14d277d5d2e47ffa0e38f257615"
            ],
            "markers": "python_version ~= '3.7'",
            "version": "==1.181.1"
        },
        "aws-cdk.aws-ecr": {
            "hashes": [
                "sha256:e8256b694cc81afc59dd881085612d0f08e9bbf43b45684bcb79c12dd1727f3c",
                "sha256:f56e0580c893c0e634e0dcb8080e4e5be158423ebd311ef42fcb6b779eb3e20f"
            ],
            "markers": "python_version ~= '3.7'",
            "version": "==1.181.1"
        },
        "aws-cdk.aws-ecr-assets": {
            "hashes": [
                "sha256:8033acedfd8e2883500b76b438fd7edd678443af7180de06ef72393178c3617b",
                "sha256:f05b0229cd39f0adeeb01dece42f657ddf39e30a69cac76ee38a96d83336a5f3"
            ],
            "markers": "python_version ~= '3.7'",
            "version": "==1.181.1"
        },
        "aws-cdk.aws-ecs": {
            "hashes": [
                "sha256:0cb9393a1e426296918c6cf2bbc8b3622c04115feacb7d64d7a1b3a3293d332d",
                "sha256:a999f3ec002731b5bf6719b783468817372e5c1edd258ab965e5b5a369c51c05"
            ],
            "markers": "python_version ~= '3.7'",
            "version": "==1.181.1"
        },
        "aws-cdk.aws-efs": {
            "hashes": [
                "sha256:1822d39bf65f9f326b6c2f23a59b856b35d2b28057dd32f60d274dec18f7a359",
                "sha256:6c3fa456980ed48a7eaa84c7a7edc67bb12b2f413903aa1aa040ac83f271207b"
            ],
            "markers": "python_version ~= '3.7'",
            "version": "==1.181.1"
        },
        "aws-cdk.aws-elasticloadbalancing": {
            "hashes": [
                "sha256:0e4baeee9396ec4191be0ebe415fdb75c318f332d11163d153e4f7e38827cef2",
                "sha256:e3664013298466e7ecfb137d2b25bce2e8721d96bf30936cf2086dc06a55aaff"
            ],
            "markers": "python_version ~= '3.7'",
            "version": "==1.181.1"
        },
        "aws-cdk.aws-elasticloadbalancingv2": {
            "hashes": [
                "sha256:94edc5fc9457ffb9ba810ca2b60657a49214dcb58451d8325b4b104f19918716",
                "sha256:cdc534e7872a8968604502a2d6f75e3e1f129a22cba47934d03913a31c0bfd2b"
            ],
            "markers": "python_version ~= '3.7'",
            "version": "==1.181.1"
        },
        "aws-cdk.aws-events": {
            "hashes": [
                "sha256:6675f55e9fbcd98a2c4f946d709d64842b2540c14cd6e74b736ef5393f5505d6",
                "sha256:c4b9b2f407b619a41e4843572193913f3560bf698de46d98fb4aea58f277e467"
            ],
            "index": "pypi",
            "version": "==1.181.1"
        },
        "aws-cdk.aws-events-targets": {
            "hashes": [
                "sha256:27ee7b95eddcdeaa27b20cb4141b56c94fc1e6ccfcc10bb16d3840e6cd24b5a2",
                "sha256:50d6c8b9f3e624747112bd07fd54348bf5de47c226359099361aa46b726a439a"
            ],
            "index": "pypi",
            "version": "==1.181.1"
        },
        "aws-cdk.aws-globalaccelerator": {
            "hashes": [
                "sha256:73b8ce6903fc2ba52817c091a60efbaae4a9378f034ce7dd6f67eec140ffa6bb",
                "sha256:9ac516906dde164a139ff3699a314ecb8f1968a8166f96078728606d085999a0"
            ],
            "markers": "python_version ~= '3.7'",
            "version": "==1.181.1"
        },
        "aws-cdk.aws-iam": {
            "hashes": [
                "sha256:0fe2c8849288c72ad6ec8439f70e64730216805f42a1c3e578fdc92e78026dd4",
                "sha256:62af0afce7f10053a47e33d7d0d13793b4456e5766503ef677252b6f09ab6b80"
            ],
            "markers": "python_version ~= '3.7'",
            "version": "==1.181.1"
        },
        "aws-cdk.aws-imagebuilder": {
            "hashes": [
                "sha256:2269474afec0be1982f5a3e9be406dbb95d73ce176750315710a897617b5b18e",
                "sha256:b109ba6a823c80d13e2fbbd9ff8c6218e93ba036bf428906e11b6f188d7c5ae6"
            ],
            "index": "pypi",
            "version": "==1.181.1"
        },
        "aws-cdk.aws-kinesis": {
            "hashes": [
                "sha256:404223398ff6834511610ea04295acc1c7de1e16b1062e6af22eba8b0793df3c",
                "sha256:81c6bede8ce434fd54e1ca2a63a99332215e8701493fc26843ac93f301c8b28b"
            ],
            "markers": "python_version ~= '3.7'",
            "version": "==1.181.1"
        },
        "aws-cdk.aws-kinesisfirehose": {
            "hashes": [
                "sha256:3b3c4e2ac70006f582b1479a277b5209e612529ba4941c839a0a69b0ebe6a467",
                "sha256:b12e219f2d6c826bc4502fee239ce83e5fb337f4febc3398113b1ce1da877c7b"
            ],
            "markers": "python_version ~= '3.7'",
            "version": "==1.181.1"
        },
        "aws-cdk.aws-kms": {
            "hashes": [
                "sha256:96e74a5ef5f27db226d3242f6314637024407a3f6a1747750bc336e4e1ad78f1",
                "sha256:dfab9961525bb71608885ef1c4da943c5951b9fb862cfc3152321efea61971c8"
            ],
            "markers": "python_version ~= '3.7'",
            "version": "==1.181.1"
        },
        "aws-cdk.aws-lambda": {
            "hashes": [
                "sha256:4f16b5fd7e241d2865d4664766177574469bde5528ac8d6187e1242e6ae86311",
                "sha256:d4f29420969f16fd0188848f5e827c2b7797f50fd61f5e4474518e7f0cdbfd85"
            ],
            "index": "pypi",
            "version": "==1.181.1"
        },
        "aws-cdk.aws-lambda-python": {
            "hashes": [
                "sha256:3c15a6c8910a1776b0cd0d01959a32895d0222c7f5c77c5c890055ce3399c699",
                "sha256:6bde949b4d3725519204af01f932dbb2d83c0c2571c94f9d209685d8d261dd90"
            ],
            "index": "pypi",
            "version": "==1.181.1"
        },
        "aws-cdk.aws-logs": {
            "hashes": [
                "sha256:3b05abbc0d28ba9d60a9f352c8814c2f583fb85ce2911334d1cfe7647065e6ba",
                "sha256:48df34651186a9024ab0c20b956b41a0c2745b6c0f04bfae9bdf4c637902d680"
            ],
            "markers": "python_version ~= '3.7'",
            "version": "==1.181.1"
        },
        "aws-cdk.aws-route53": {
            "hashes": [
                "sha256:35078ded59709dab037908c16980454fd05cd3309a98a4d86fe76a8d3bfd1531",
                "sha256:7baff77eabb155089e2d124233cfd7b00160cf357d5480853679cf9390eedd64"
            ],
            "markers": "python_version ~= '3.7'",
            "version": "==1.181.1"
        },
        "aws-cdk.aws-route53-targets": {
            "hashes": [
                "sha256:b09f89ef3fac2d4e964847ed2e35d0c4e5c31031cbb41a863a99692021fe9fe1",
                "sha256:c4d49cad5894ae67cbcd51556c646628a7737dc269a81a377b6ccbf5873b470f"
            ],
            "markers": "python_version ~= '3.7'",
            "version": "==1.181.1"
        },
        "aws-cdk.aws-s3": {
            "hashes": [
                "sha256:c89be85a4cd60f78fc9c176e3a34827554f95909248f3d1ddae6d231d1496506",
                "sha256:d1b8397a6a70636e346d0467dc3c735f96b534b8fb68de7a1060fec84f46da83"
            ],
            "markers": "python_version ~= '3.7'",
            "version": "==1.181.1"
        },
        "aws-cdk.aws-s3-assets": {
            "hashes": [
                "sha256:514886d617ddd28050ef7d5d1ee31b2be8c51cefd28f0d7be7e69c15a719c944",
                "sha256:92a7e7e66def49e9c4c656fd40b839905f6c5834f7f1337aef439c9b051f53a2"
            ],
            "markers": "python_version ~= '3.7'",
            "version": "==1.181.1"
        },
        "aws-cdk.aws-sam": {
            "hashes": [
                "sha256:64a853f17c316f8b0b7fe740ee1101e13c6f9feb87b670883bd284169b6d9fe4",
                "sha256:b2a75eb4dedbb698f0dfcb44359011153c4eafa0a9c9d66344636ee5d60c4e4f"
            ],
            "markers": "python_version ~= '3.7'",
            "version": "==1.181.1"
        },
        "aws-cdk.aws-secretsmanager": {
            "hashes": [
                "sha256:10a90a856f7f267e8953394a680e809498ac46426877e16853d48b8d210dfc24",
                "sha256:a0852dc717169609c948938c434a372c7da11adccff852ec3582998d80688f97"
            ],
            "markers": "python_version ~= '3.7'",
            "version": "==1.181.1"
        },
        "aws-cdk.aws-servicediscovery": {
            "hashes": [
                "sha256:419d4ed15f6396f600f6560f137fb413c64bc71544b5af95600e26250bc3f6f4",
                "sha256:6ae03de91704b153ab6edfb1b9ba70e77a5877636b440707e08eb58f5e13048b"
            ],
            "markers": "python_version ~= '3.7'",
            "version": "==1.181.1"
        },
        "aws-cdk.aws-signer": {
            "hashes": [
                "sha256:0c1354a174804043c73158442f3f16741fbcda4298e4a6be16abf552956747d1",
                "sha256:f88ebf6259b93ff4b3e56f11b68ccbc8cda40bc1bbee8cc1ac10a325545fa266"
            ],
            "markers": "python_version ~= '3.7'",
            "version": "==1.181.1"
        },
        "aws-cdk.aws-sns": {
            "hashes": [
                "sha256:f1ea9c6b4259d1bba8937b1598f57d476f785b77888ceaf4e9508e945c0e66ca",
                "sha256:f58dc56452b16fe4795052f5d877868e6facf516be95158eb297b2a2f08e7e35"
            ],
            "index": "pypi",
            "version": "==1.181.1"
        },
        "aws-cdk.aws-sns-subscriptions": {
            "hashes": [
                "sha256:38d2d4ab3c15d17bbc749eb2efe98ec7ef0df41a317522c78978f35824ab7539",
                "sha256:84489f4bdd9da63a0ead50e17f709790505c0615ba59a0bdbf51e315f1d903a1"
            ],
            "markers": "python_version ~= '3.7'",
            "version": "==1.181.1"
        },
        "aws-cdk.aws-sqs": {
            "hashes": [
                "sha256:340eaaa8fe80d4bb87e0dadb6ece8414da2da1e73f427d2ce88bfa406c694b39",
                "sha256:efba73fb73642afd96bdb6f5441fd21b384d45a18db5a18951726bcd5b0f958e"
            ],
            "markers": "python_version ~= '3.7'",
            "version": "==1.181.1"
        },
        "aws-cdk.aws-ssm": {
            "hashes": [
                "sha256:96b0ad6b586d358250a78ea61ea10c2e840f59177f960bff38bc3a9c95911a92",
                "sha256:97c8ea3ddf3b8f3711d4aad5a16e8b0e39f613b216fdeaa01326860e977ddf18"
            ],
            "markers": "python_version ~= '3.7'",
            "version": "==1.181.1"
        },
        "aws-cdk.aws-stepfunctions": {
            "hashes": [
                "sha256:b653c36bc08cc7ca954f337a2b2c774ec161884114970af94179641528f05252",
                "sha256:f106b600e0d5286e06bb7b435e74ab5c803d66564b2a9217cbde083aa186af59"
            ],
            "markers": "python_version ~= '3.7'",
            "version": "==1.181.1"
        },
        "aws-cdk.cloud-assembly-schema": {
            "hashes": [
                "sha256:65908da7ac3cf239244098262caf0a5cd0ea2b41cfe13bbc7bae9b4a2fe4d402",
                "sha256:d4f76d203cbb20c926c061c5b61253f114d7dc019a0e12ee97a990fa60005774"
            ],
            "markers": "python_version ~= '3.7'",
            "version": "==1.181.1"
        },
        "aws-cdk.core": {
            "hashes": [
                "sha256:236c199217e955c62c6dbd30578e624ecd96624f4f7c1e457e6a152e9f985a80",
                "sha256:511b516db8f119c97f356eb61576dd21b585e4e9a83d6c8f4cdd0e609e3f4cb6"
            ],
            "index": "pypi",
            "version": "==1.181.1"
        },
        "aws-cdk.custom-resources": {
            "hashes": [
                "sha256:2682f645715a82b86f2fc95f2f0a84dbf496bd9e11f6636bd48e44238f4942d9",
                "sha256:f533ec14dabee5848621fea7c4cbfe349e8efbb8a02649057d6f6c22cf9621c2"
            ],
            "markers": "python_version ~= '3.7'",
            "version": "==1.181.1"
        },
        "aws-cdk.cx-api": {
            "hashes": [
                "sha256:00b2cac99c765ab5a066614a731fb3d2de1fa2570eea8ca15afb63a0c6144bc4",
                "sha256:c9b5e6705555ddfb9b1271095929ff74c9d803f8557fe5cec2ed228e64f485bd"
            ],
            "markers": "python_version ~= '3.7'",
            "version": "==1.181.1"
        },
        "aws-cdk.region-info": {
            "hashes": [
                "sha256:b2431165a68d67df7e226326bc9d6a8ff17091d1df30a0049f8686b79c253f4d",
                "sha256:ecc5a06aa24aff301eb36a6cadc73ab5ed08d3bdb33056566d84d5e3e33f25c2"
            ],
            "markers": "python_version ~= '3.7'",
            "version": "==1.181.1"
        },
        "cattrs": {
            "hashes": [
                "sha256:bc12b1f0d000b9f9bee83335887d532a1d3e99a833d1bf0882151c97d3e68c21",
                "sha256:f0eed5642399423cf656e7b66ce92cdc5b963ecafd041d1b24d136fdde7acf6d"
            ],
            "markers": "python_version >= '3.7'",
            "version": "==22.2.0"
        },
        "constructs": {
            "hashes": [
                "sha256:4203c5cfe660a293a79046719ca6be7d20decc0cbeeb247c3dbe257e9be72afe",
                "sha256:a3676d68fb8ded33f4f84c4f47af778f1ad2fa8e23edb3886b3fafa6a5840a0f"
            ],
            "markers": "python_version ~= '3.7'",
            "version": "==3.4.177"
        },
        "exceptiongroup": {
            "hashes": [
                "sha256:542adf9dea4055530d6e1279602fa5cb11dab2395fa650b8674eaec35fc4a828",
                "sha256:bd14967b79cd9bdb54d97323216f8fdf533e278df937aa2a90089e7d6e06e5ec"
            ],
            "markers": "python_version < '3.11'",
            "version": "==1.0.4"
        },
        "jsii": {
            "hashes": [
                "sha256:4dcf65eca9400c15a6a7c9d85b27f4bfe15c96ad3e36272a502f391556858151",
                "sha256:6daf1c17362bd07c50c299e08d9a4454075550eb78e035a160ecf9ea68ded3cf"
            ],
            "markers": "python_version ~= '3.7'",
            "version": "==1.72.0"
        },
        "publication": {
            "hashes": [
                "sha256:0248885351febc11d8a1098d5c8e3ab2dabcf3e8c0c96db1e17ecd12b53afbe6",
                "sha256:68416a0de76dddcdd2930d1c8ef853a743cc96c82416c4e4d3b5d901c6276dc4"
            ],
            "version": "==0.0.3"
        },
        "python-dateutil": {
            "hashes": [
                "sha256:0123cacc1627ae19ddf3c27a5de5bd67ee4586fbdd6440d9748f8abb483d3e86",
                "sha256:961d03dc3453ebbc59dbdea9e4e11c5651520a876d0f4db161e8674aae935da9"
            ],
            "markers": "python_version >= '2.7' and python_version not in '3.0, 3.1, 3.2, 3.3'",
            "version": "==2.8.2"
        },
        "pyyaml": {
            "hashes": [
                "sha256:01b45c0191e6d66c470b6cf1b9531a771a83c1c4208272ead47a3ae4f2f603bf",
                "sha256:0283c35a6a9fbf047493e3a0ce8d79ef5030852c51e9d911a27badfde0605293",
                "sha256:055d937d65826939cb044fc8c9b08889e8c743fdc6a32b33e2390f66013e449b",
                "sha256:07751360502caac1c067a8132d150cf3d61339af5691fe9e87803040dbc5db57",
                "sha256:0b4624f379dab24d3725ffde76559cff63d9ec94e1736b556dacdfebe5ab6d4b",
                "sha256:0ce82d761c532fe4ec3f87fc45688bdd3a4c1dc5e0b4a19814b9009a29baefd4",
                "sha256:1e4747bc279b4f613a09eb64bba2ba602d8a6664c6ce6396a4d0cd413a50ce07",
                "sha256:213c60cd50106436cc818accf5baa1aba61c0189ff610f64f4a3e8c6726218ba",
                "sha256:231710d57adfd809ef5d34183b8ed1eeae3f76459c18fb4a0b373ad56bedcdd9",
                "sha256:277a0ef2981ca40581a47093e9e2d13b3f1fbbeffae064c1d21bfceba2030287",
                "sha256:2cd5df3de48857ed0544b34e2d40e9fac445930039f3cfe4bcc592a1f836d513",
                "sha256:40527857252b61eacd1d9af500c3337ba8deb8fc298940291486c465c8b46ec0",
                "sha256:432557aa2c09802be39460360ddffd48156e30721f5e8d917f01d31694216782",
                "sha256:473f9edb243cb1935ab5a084eb238d842fb8f404ed2193a915d1784b5a6b5fc0",
                "sha256:48c346915c114f5fdb3ead70312bd042a953a8ce5c7106d5bfb1a5254e47da92",
                "sha256:50602afada6d6cbfad699b0c7bb50d5ccffa7e46a3d738092afddc1f9758427f",
                "sha256:68fb519c14306fec9720a2a5b45bc9f0c8d1b9c72adf45c37baedfcd949c35a2",
                "sha256:77f396e6ef4c73fdc33a9157446466f1cff553d979bd00ecb64385760c6babdc",
                "sha256:81957921f441d50af23654aa6c5e5eaf9b06aba7f0a19c18a538dc7ef291c5a1",
                "sha256:819b3830a1543db06c4d4b865e70ded25be52a2e0631ccd2f6a47a2822f2fd7c",
                "sha256:897b80890765f037df3403d22bab41627ca8811ae55e9a722fd0392850ec4d86",
                "sha256:98c4d36e99714e55cfbaaee6dd5badbc9a1ec339ebfc3b1f52e293aee6bb71a4",
                "sha256:9df7ed3b3d2e0ecfe09e14741b857df43adb5a3ddadc919a2d94fbdf78fea53c",
                "sha256:9fa600030013c4de8165339db93d182b9431076eb98eb40ee068700c9c813e34",
                "sha256:a80a78046a72361de73f8f395f1f1e49f956c6be882eed58505a15f3e430962b",
                "sha256:afa17f5bc4d1b10afd4466fd3a44dc0e245382deca5b3c353d8b757f9e3ecb8d",
                "sha256:b3d267842bf12586ba6c734f89d1f5b871df0273157918b0ccefa29deb05c21c",
                "sha256:b5b9eccad747aabaaffbc6064800670f0c297e52c12754eb1d976c57e4f74dcb",
                "sha256:bfaef573a63ba8923503d27530362590ff4f576c626d86a9fed95822a8255fd7",
                "sha256:c5687b8d43cf58545ade1fe3e055f70eac7a5a1a0bf42824308d868289a95737",
                "sha256:cba8c411ef271aa037d7357a2bc8f9ee8b58b9965831d9e51baf703280dc73d3",
                "sha256:d15a181d1ecd0d4270dc32edb46f7cb7733c7c508857278d3d378d14d606db2d",
                "sha256:d4b0ba9512519522b118090257be113b9468d804b19d63c71dbcf4a48fa32358",
                "sha256:d4db7c7aef085872ef65a8fd7d6d09a14ae91f691dec3e87ee5ee0539d516f53",
                "sha256:d4eccecf9adf6fbcc6861a38015c2a64f38b9d94838ac1810a9023a0609e1b78",
                "sha256:d67d839ede4ed1b28a4e8909735fc992a923cdb84e618544973d7dfc71540803",
                "sha256:daf496c58a8c52083df09b80c860005194014c3698698d1a57cbcfa182142a3a",
                "sha256:dbad0e9d368bb989f4515da330b88a057617d16b6a8245084f1b05400f24609f",
                "sha256:e61ceaab6f49fb8bdfaa0f92c4b57bcfbea54c09277b1b4f7ac376bfb7a7c174",
                "sha256:f84fbc98b019fef2ee9a1cb3ce93e3187a6df0b2538a651bfb890254ba9f90b5"
            ],
            "index": "pypi",
            "version": "==6.0"
        },
        "six": {
            "hashes": [
                "sha256:1e61c37477a1626458e36f7b1d82aa5c9b094fa4802892072e49de9c60c4c926",
                "sha256:8abb2f1d86890a2dfb989f9a77cfcfd3e47c2a354b01111771326f8aa26e0254"
            ],
            "markers": "python_version >= '2.7' and python_version not in '3.0, 3.1, 3.2, 3.3'",
            "version": "==1.16.0"
        },
        "typeguard": {
            "hashes": [
                "sha256:00edaa8da3a133674796cf5ea87d9f4b4c367d77476e185e80251cc13dfbb8c4",
                "sha256:5e3e3be01e887e7eafae5af63d1f36c849aaa94e3a0112097312aabfa16284f1"
            ],
            "markers": "python_full_version >= '3.5.3'",
            "version": "==2.13.3"
        },
        "typing-extensions": {
            "hashes": [
                "sha256:1511434bb92bf8dd198c12b1cc812e800d4181cfcb867674e0f8279cc93087aa",
                "sha256:16fa4864408f655d35ec496218b85f79b3437c829e93320c7c9215ccfd92489e"
            ],
            "markers": "python_version >= '3.7'",
            "version": "==4.4.0"
        }
    },
    "develop": {
        "asttokens": {
            "hashes": [
                "sha256:4622110b2a6f30b77e1473affaa97e711bc2f07d3f10848420ff1898edbe94f3",
                "sha256:6b0ac9e93fb0335014d382b8fa9b3afa7df546984258005da0b9e7095b3deb1c"
            ],
            "version": "==2.2.1"
        },
        "attrs": {
            "hashes": [
                "sha256:29adc2665447e5191d0e7c568fde78b21f9672d344281d0c6e1ab085429b22b6",
                "sha256:86efa402f67bf2df34f51a335487cf46b1ec130d02b8d39fd248abfd30da551c"
            ],
            "markers": "python_version >= '3.5'",
            "version": "==22.1.0"
        },
        "backcall": {
            "hashes": [
                "sha256:5cbdbf27be5e7cfadb448baf0aa95508f91f2bbc6c6437cd9cd06e2a4c215e1e",
                "sha256:fbbce6a29f263178a1f7915c1940bde0ec2b2a967566fe1c65c1dfb7422bd255"
            ],
            "version": "==0.2.0"
        },
        "black": {
            "hashes": [
                "sha256:14ff67aec0a47c424bc99b71005202045dc09270da44a27848d534600ac64fc7",
                "sha256:197df8509263b0b8614e1df1756b1dd41be6738eed2ba9e9769f3880c2b9d7b6",
                "sha256:1e464456d24e23d11fced2bc8c47ef66d471f845c7b7a42f3bd77bf3d1789650",
                "sha256:2039230db3c6c639bd84efe3292ec7b06e9214a2992cd9beb293d639c6402edb",
                "sha256:21199526696b8f09c3997e2b4db8d0b108d801a348414264d2eb8eb2532e540d",
                "sha256:2644b5d63633702bc2c5f3754b1b475378fbbfb481f62319388235d0cd104c2d",
                "sha256:432247333090c8c5366e69627ccb363bc58514ae3e63f7fc75c54b1ea80fa7de",
                "sha256:444ebfb4e441254e87bad00c661fe32df9969b2bf224373a448d8aca2132b395",
                "sha256:5b9b29da4f564ba8787c119f37d174f2b69cdfdf9015b7d8c5c16121ddc054ae",
                "sha256:5cc42ca67989e9c3cf859e84c2bf014f6633db63d1cbdf8fdb666dcd9e77e3fa",
                "sha256:5d8f74030e67087b219b032aa33a919fae8806d49c867846bfacde57f43972ef",
                "sha256:72ef3925f30e12a184889aac03d77d031056860ccae8a1e519f6cbb742736383",
                "sha256:819dc789f4498ecc91438a7de64427c73b45035e2e3680c92e18795a839ebb66",
                "sha256:915ace4ff03fdfff953962fa672d44be269deb2eaf88499a0f8805221bc68c87",
                "sha256:9311e99228ae10023300ecac05be5a296f60d2fd10fff31cf5c1fa4ca4b1988d",
                "sha256:974308c58d057a651d182208a484ce80a26dac0caef2895836a92dd6ebd725e0",
                "sha256:b8b49776299fece66bffaafe357d929ca9451450f5466e997a7285ab0fe28e3b",
                "sha256:c957b2b4ea88587b46cf49d1dc17681c1e672864fd7af32fc1e9664d572b3458",
                "sha256:e41a86c6c650bcecc6633ee3180d80a025db041a8e2398dcc059b3afa8382cd4",
                "sha256:f513588da599943e0cde4e32cc9879e825d58720d6557062d1098c5ad80080e1",
                "sha256:fba8a281e570adafb79f7755ac8721b6cf1bbf691186a287e990c7929c7692ff"
            ],
            "index": "pypi",
            "version": "==22.10.0"
        },
        "cached-property": {
            "hashes": [
                "sha256:9fa5755838eecbb2d234c3aa390bd80fbd3ac6b6869109bfc1b499f7bd89a130",
                "sha256:df4f613cf7ad9a588cc381aaf4a512d26265ecebd5eb9e1ba12f1319eb85a6a0"
            ],
            "version": "==1.5.2"
        },
        "cerberus": {
            "hashes": [
                "sha256:d1b21b3954b2498d9a79edf16b3170a3ac1021df88d197dc2ce5928ba519237c"
            ],
            "version": "==1.3.4"
        },
        "certifi": {
            "hashes": [
                "sha256:0d9c601124e5a6ba9712dbc60d9c53c21e34f5f641fe83002317394311bdce14",
                "sha256:90c1a32f1d68f940488354e36370f6cca89f0f106db09518524c88d6ed83f382"
            ],
            "markers": "python_version >= '3.6'",
            "version": "==2022.9.24"
        },
        "charset-normalizer": {
            "hashes": [
                "sha256:5a3d016c7c547f69d6f81fb0db9449ce888b418b5b9952cc5e6e66843e9dd845",
                "sha256:83e9a75d1911279afd89352c68b45348559d1fc0506b054b346651b5e7fee29f"
            ],
            "markers": "python_full_version >= '3.6.0'",
            "version": "==2.1.1"
        },
        "click": {
            "hashes": [
                "sha256:7682dc8afb30297001674575ea00d1814d808d6a36af415a82bd481d37ba7b8e",
                "sha256:bb4d8133cb15a609f44e8213d9b391b0809795062913b383c62be0ee95b1db48"
            ],
            "markers": "python_version >= '3.7'",
            "version": "==8.1.3"
        },
        "colorama": {
            "hashes": [
                "sha256:08695f5cb7ed6e0531a20572697297273c47b8cae5a63ffc6d6ed5c201be6e44",
                "sha256:4f1d9991f5acc0ca119f9d443620b77f9d6b33703e51011c16baf57afb285fc6"
            ],
            "markers": "python_version >= '2.7' and python_version not in '3.0, 3.1, 3.2, 3.3, 3.4, 3.5, 3.6'",
            "version": "==0.4.6"
        },
        "decorator": {
            "hashes": [
                "sha256:637996211036b6385ef91435e4fae22989472f9d571faba8927ba8253acbc330",
                "sha256:b8c3f85900b9dc423225913c5aace94729fe1fa9763b38939a95226f02d37186"
            ],
            "markers": "python_version >= '3.7'",
            "version": "==5.1.1"
        },
        "distlib": {
            "hashes": [
                "sha256:14bad2d9b04d3a36127ac97f30b12a19268f211063d8f8ee4f47108896e11b46",
                "sha256:f35c4b692542ca110de7ef0bea44d73981caeb34ca0b9b6b2e6d7790dda8f80e"
            ],
            "version": "==0.3.6"
        },
        "docopt": {
            "hashes": [
                "sha256:49b3a825280bd66b3aa83585ef59c4a8c82f2c8a522dbe754a8bc8d08c85c491"
            ],
            "version": "==0.6.2"
        },
        "executing": {
            "hashes": [
                "sha256:0314a69e37426e3608aada02473b4161d4caf5a4b244d1d0c48072b8fee7bacc",
                "sha256:19da64c18d2d851112f09c287f8d3dbbdf725ab0e569077efb6cdcbd3497c107"
            ],
            "version": "==1.2.0"
        },
        "idna": {
            "hashes": [
                "sha256:814f528e8dead7d329833b91c5faa87d60bf71824cd12a7530b5526063d02cb4",
                "sha256:90b77e79eaa3eba6de819a0c442c0b4ceefc341a7a2ab77d7562bf49f425c5c2"
            ],
            "markers": "python_version >= '3.5'",
            "version": "==3.4"
        },
        "ipdb": {
            "hashes": [
                "sha256:951bd9a64731c444fd907a5ce268543020086a697f6be08f7cc2c9a752a278c5"
            ],
            "index": "pypi",
            "version": "==0.13.9"
        },
        "ipython": {
            "hashes": [
                "sha256:352042ddcb019f7c04e48171b4dd78e4c4bb67bf97030d170e154aac42b656d9",
                "sha256:882899fe78d5417a0aa07f995db298fa28b58faeba2112d2e3a4c95fe14bb738"
            ],
            "markers": "python_version >= '3.7'",
            "version": "==8.7.0"
        },
        "isort": {
            "extras": [
                "pipfile_deprecated_finder"
            ],
            "hashes": [
                "sha256:6f62d78e2f89b4500b080fe3a81690850cd254227f27f75c3a0c491a1f351ba7",
                "sha256:e8443a5e7a020e9d7f97f1d7d9cd17c88bcb3bc7e218bf9cf5095fe550be2951"
            ],
            "index": "pypi",
            "markers": null,
            "version": "==5.10.1"
        },
        "jedi": {
            "hashes": [
                "sha256:203c1fd9d969ab8f2119ec0a3342e0b49910045abe6af0a3ae83a5764d54639e",
                "sha256:bae794c30d07f6d910d32a7048af09b5a39ed740918da923c6b780790ebac612"
            ],
            "markers": "python_version >= '3.6'",
            "version": "==0.18.2"
        },
        "matplotlib-inline": {
            "hashes": [
                "sha256:f1f41aab5328aa5aaea9b16d083b128102f8712542f819fe7e6a420ff581b311",
                "sha256:f887e5f10ba98e8d2b150ddcf4702c1e5f8b3a20005eb0f74bfdbd360ee6f304"
            ],
            "markers": "python_version >= '3.5'",
            "version": "==0.1.6"
        },
        "mypy-extensions": {
            "hashes": [
                "sha256:090fedd75945a69ae91ce1303b5824f428daf5a028d2f6ab8a299250a846f15d",
                "sha256:2d82818f5bb3e369420cb3c4060a7970edba416647068eb4c5343488a6c604a8"
            ],
            "version": "==0.4.3"
        },
        "parso": {
            "hashes": [
                "sha256:8c07be290bb59f03588915921e29e8a50002acaf2cdc5fa0e0114f91709fafa0",
                "sha256:c001d4636cd3aecdaf33cbb40aebb59b094be2a74c556778ef5576c175e19e75"
            ],
            "markers": "python_version >= '3.6'",
            "version": "==0.8.3"
        },
        "pathspec": {
            "hashes": [
                "sha256:88c2606f2c1e818b978540f73ecc908e13999c6c3a383daf3705652ae79807a5",
                "sha256:8f6bf73e5758fd365ef5d58ce09ac7c27d2833a8d7da51712eac6e27e35141b0"
            ],
            "markers": "python_version >= '3.7'",
            "version": "==0.10.2"
        },
        "pep517": {
            "hashes": [
                "sha256:4ba4446d80aed5b5eac6509ade100bff3e7943a8489de249654a5ae9b33ee35b",
                "sha256:ae69927c5c172be1add9203726d4b84cf3ebad1edcd5f71fcdc746e66e829f59"
            ],
            "markers": "python_version >= '3.6'",
            "version": "==0.13.0"
        },
        "pexpect": {
            "hashes": [
                "sha256:0b48a55dcb3c05f3329815901ea4fc1537514d6ba867a152b581d69ae3710937",
                "sha256:fc65a43959d153d0114afe13997d439c22823a27cefceb5ff35c2178c6784c0c"
            ],
            "markers": "sys_platform != 'win32'",
            "version": "==4.8.0"
        },
        "pickleshare": {
            "hashes": [
                "sha256:87683d47965c1da65cdacaf31c8441d12b8044cdec9aca500cd78fc2c683afca",
                "sha256:9649af414d74d4df115d5d718f82acb59c9d418196b7b4290ed47a12ce62df56"
            ],
            "version": "==0.7.5"
        },
        "pip": {
            "hashes": [
                "sha256:65fd48317359f3af8e593943e6ae1506b66325085ea64b706a998c6e83eeaf38",
                "sha256:908c78e6bc29b676ede1c4d57981d490cb892eb45cd8c214ab6298125119e077"
            ],
            "markers": "python_version >= '3.7'",
            "version": "==22.3.1"
        },
        "pipreqs": {
            "hashes": [
                "sha256:1510a91ae73ef6a8e2f24ffc8751132251cd61a01296d61538f37d1491841640",
                "sha256:c793b4e147ac437871b3a962c5ce467e129c859ece5ba79aca83c20f4d9c3aef"
            ],
            "version": "==0.4.11"
        },
        "platformdirs": {
            "hashes": [
                "sha256:1a89a12377800c81983db6be069ec068eee989748799b946cce2a6e80dcc54ca",
                "sha256:b46ffafa316e6b83b47489d240ce17173f123a9b9c83282141c3daf26ad9ac2e"
            ],
            "markers": "python_version >= '3.7'",
            "version": "==2.6.0"
        },
        "plette": {
            "extras": [
                "validation"
            ],
            "hashes": [
                "sha256:7bf014ff695d8badf5a058227db0f0bd1fa7ffd6e54ad8b851bc36c20a4a7894",
                "sha256:e4dc4a05bfce68d6f6b8d1ccd6e8957ecf4ed6707e8d32f7188b6e628526644e"
            ],
            "markers": "python_version >= '3.7'",
            "version": "==0.4.2"
        },
        "prompt-toolkit": {
            "hashes": [
                "sha256:3e163f254bef5a03b146397d7c1963bd3e2812f0964bb9a24e6ec761fd28db63",
                "sha256:aa64ad242a462c5ff0363a7b9cfe696c20d55d9fc60c11fd8e632d064804d305"
            ],
            "markers": "python_full_version >= '3.6.2'",
            "version": "==3.0.36"
        },
        "ptyprocess": {
            "hashes": [
                "sha256:4b41f3967fce3af57cc7e94b888626c18bf37a083e3651ca8feeb66d492fef35",
                "sha256:5c5d0a3b48ceee0b48485e0c26037c0acd7d29765ca3fbb5cb3831d347423220"
            ],
            "version": "==0.7.0"
        },
        "pure-eval": {
            "hashes": [
                "sha256:01eaab343580944bc56080ebe0a674b39ec44a945e6d09ba7db3cb8cec289350",
                "sha256:2b45320af6dfaa1750f543d714b6d1c520a1688dec6fd24d339063ce0aaa9ac3"
            ],
            "version": "==0.2.2"
        },
        "pygments": {
            "hashes": [
                "sha256:56a8508ae95f98e2b9bdf93a6be5ae3f7d8af858b43e02c5a2ff083726be40c1",
                "sha256:f643f331ab57ba3c9d89212ee4a2dabc6e94f117cf4eefde99a0574720d14c42"
            ],
            "markers": "python_version >= '3.6'",
            "version": "==2.13.0"
        },
        "requests": {
            "hashes": [
                "sha256:7c5599b102feddaa661c826c56ab4fee28bfd17f5abca1ebbe3e7f19d7c97983",
                "sha256:8fefa2a1a1365bf5520aac41836fbee479da67864514bdb821f31ce07ce65349"
            ],
            "markers": "python_version >= '3.7' and python_version < '4'",
            "version": "==2.28.1"
        },
        "requirementslib": {
            "hashes": [
                "sha256:0607e330a65385a556e76c6fb31567a3053f53a081c46c690dadc800f7fc9d5d",
                "sha256:52c74652c5d14b412e34ac3548c76525135a885c159e0dff2e974fe3680331b2"
            ],
            "version": "==2.2.1"
        },
        "setuptools": {
            "hashes": [
                "sha256:57f6f22bde4e042978bcd50176fdb381d7c21a9efa4041202288d3737a0c6a54",
                "sha256:a7620757bf984b58deaf32fc8a4577a9bbc0850cf92c20e1ce41c38c19e5fb75"
            ],
            "markers": "python_version >= '3.7'",
            "version": "==65.6.3"
        },
        "six": {
            "hashes": [
                "sha256:1e61c37477a1626458e36f7b1d82aa5c9b094fa4802892072e49de9c60c4c926",
                "sha256:8abb2f1d86890a2dfb989f9a77cfcfd3e47c2a354b01111771326f8aa26e0254"
            ],
            "markers": "python_version >= '2.7' and python_version not in '3.0, 3.1, 3.2, 3.3'",
            "version": "==1.16.0"
        },
        "stack-data": {
            "hashes": [
                "sha256:32d2dd0376772d01b6cb9fc996f3c8b57a357089dec328ed4b6553d037eaf815",
                "sha256:cbb2a53eb64e5785878201a97ed7c7b94883f48b87bfb0bbe8b623c74679e4a8"
            ],
            "version": "==0.6.2"
        },
        "toml": {
            "hashes": [
                "sha256:806143ae5bfb6a3c6e736a764057db0e6a0e05e338b5630894a5f779cabb4f9b",
                "sha256:b3bda1d108d5dd99f4a20d24d9c348e91c4db7ab1b749200bded2f839ccbe68f"
            ],
            "markers": "python_version >= '3.7'",
            "version": "==0.10.2"
        },
        "tomli": {
            "hashes": [
                "sha256:939de3e7a6161af0c887ef91b7d41a53e7c5a1ca976325f429cb46ea9bc30ecc",
                "sha256:de526c12914f0c550d15924c62d72abc48d6fe7364aa87328337a31007fe8a4f"
            ],
            "markers": "python_full_version < '3.11.0a7'",
            "version": "==2.0.1"
        },
        "tomlkit": {
            "hashes": [
                "sha256:07de26b0d8cfc18f871aec595fda24d95b08fef89d147caa861939f37230bf4b",
                "sha256:71b952e5721688937fb02cf9d354dbcf0785066149d2855e44531ebdd2b65d73"
            ],
            "markers": "python_version >= '3.6'",
            "version": "==0.11.6"
        },
        "traitlets": {
            "hashes": [
                "sha256:10b6ed1c9cedee83e795db70a8b9c2db157bb3778ec4587a349ecb7ef3b1033b",
                "sha256:1410755385d778aed847d68deb99b3ba30fbbf489e17a1e8cbb753060d5cce73"
            ],
            "markers": "python_version >= '3.7'",
            "version": "==5.6.0"
        },
        "urllib3": {
            "hashes": [
                "sha256:47cc05d99aaa09c9e72ed5809b60e7ba354e64b59c9c173ac3018642d8bb41fc",
                "sha256:c083dd0dce68dbfbe1129d5271cb90f9447dea7d52097c6e0126120c521ddea8"
            ],
            "markers": "python_version >= '2.7' and python_version not in '3.0, 3.1, 3.2, 3.3, 3.4, 3.5'",
            "version": "==1.26.13"
        },
        "vistir": {
            "hashes": [
                "sha256:116bf6e9b6a3cf72100565ee303483abd821b7f67bba25d57df01a0f49e46bec",
                "sha256:2ea487172e10ecbb6445870bb1f36ee8e2e7e46f39d743cbc995e1a15ba831b9"
            ],
            "markers": "python_version >= '3.7'",
            "version": "==0.7.5"
        },
        "wcwidth": {
            "hashes": [
                "sha256:beb4802a9cebb9144e99086eff703a642a13d6a0052920003a230f3294bbe784",
                "sha256:c4d647b99872929fdb7bdcaa4fbe7f01413ed3d98077df798530e5b04f116c83"
            ],
            "version": "==0.2.5"
        },
        "yarg": {
            "hashes": [
                "sha256:4f9cebdc00fac946c9bf2783d634e538a71c7d280a4d806d45fd4dc0ef441492",
                "sha256:55695bf4d1e3e7f756496c36a69ba32c40d18f821e38f61d028f6049e5e15911"
            ],
            "version": "==0.1.9"
        }
    }
}
